// !$*UTF8*$!
{
	archiveVersion = 1;
	classes = {
	};
	objectVersion = 50;
	objects = {

/* Begin PBXBuildFile section */
		8E5E58492685979D0088C814 /* main.cpp in Sources */ = {isa = PBXBuildFile; fileRef = 8E5E58482685979D0088C814 /* main.cpp */; };
/* End PBXBuildFile section */

/* Begin PBXCopyFilesBuildPhase section */
		8E5E58432685979D0088C814 /* CopyFiles */ = {
			isa = PBXCopyFilesBuildPhase;
			buildActionMask = 2147483647;
			dstPath = /usr/share/man/man1/;
			dstSubfolderSpec = 0;
			files = (
			);
			runOnlyForDeploymentPostprocessing = 1;
		};
/* End PBXCopyFilesBuildPhase section */

/* Begin PBXFileReference section */
		8E06B17226DB4228001F451B /* LLDB Debugger 学习(二)：LLDB 进阶.md */ = {isa = PBXFileReference; lastKnownFileType = net.daringfireball.markdown; path = "LLDB Debugger 学习(二)：LLDB 进阶.md"; sourceTree = "<group>"; };
		8E0F47162873B9B10023B594 /* 单线程语言.md */ = {isa = PBXFileReference; lastKnownFileType = net.daringfireball.markdown; path = "单线程语言.md"; sourceTree = "<group>"; };
		8E110CCE270F1F020016FF16 /* Flutter 学习笔记（四）：Widgets 目录（2）.md */ = {isa = PBXFileReference; lastKnownFileType = net.daringfireball.markdown; path = "Flutter 学习笔记（四）：Widgets 目录（2）.md"; sourceTree = "<group>"; };
		8E12B93026A6552900BC72AC /* iOS App 启动优化(八)：Hook 总结之 fishhook 源码逐行分析.md */ = {isa = PBXFileReference; lastKnownFileType = net.daringfireball.markdown; path = "iOS App 启动优化(八)：Hook 总结之 fishhook 源码逐行分析.md"; sourceTree = "<group>"; };
		8E12B93126A65B1900BC72AC /* 埋点.md */ = {isa = PBXFileReference; lastKnownFileType = net.daringfireball.markdown; path = "埋点.md"; sourceTree = "<group>"; };
		8E13B7FE290BE4D8001F9606 /* SwiftUI 学习笔记（八）：Interfacing with UIKit_Two.md */ = {isa = PBXFileReference; lastKnownFileType = net.daringfireball.markdown; path = "SwiftUI 学习笔记（八）：Interfacing with UIKit_Two.md"; sourceTree = "<group>"; };
		8E13B7FF290F5656001F9606 /* SwiftUI 学习笔记（九）：Creating a watchOS App_Two.md */ = {isa = PBXFileReference; lastKnownFileType = net.daringfireball.markdown; path = "SwiftUI 学习笔记（九）：Creating a watchOS App_Two.md"; sourceTree = "<group>"; };
		8E13B8AE29112A78001F9606 /* SwiftUI 学习笔记（十）：Creating a macOS App_Two.md */ = {isa = PBXFileReference; lastKnownFileType = net.daringfireball.markdown; path = "SwiftUI 学习笔记（十）：Creating a macOS App_Two.md"; sourceTree = "<group>"; };
		8E13B8B129122B3B001F9606 /* SwiftUI 学习笔记（十）：Creating a macOS App_Three.md */ = {isa = PBXFileReference; lastKnownFileType = net.daringfireball.markdown; path = "SwiftUI 学习笔记（十）：Creating a macOS App_Three.md"; sourceTree = "<group>"; };
		8E18B9D029588F4400F85C2A /* Flutter 学习过程中不容错过的项目进阶实践.md */ = {isa = PBXFileReference; lastKnownFileType = net.daringfireball.markdown; path = "Flutter 学习过程中不容错过的项目进阶实践.md"; sourceTree = "<group>"; };
		8E1B718727618434005D2CD3 /* iOS App Crash 学习：(三)：KSCrash 使用以及源码解读（1）.md */ = {isa = PBXFileReference; lastKnownFileType = net.daringfireball.markdown; path = "iOS App Crash 学习：(三)：KSCrash 使用以及源码解读（1）.md"; sourceTree = "<group>"; };
		8E2137B226D2365700CB9B03 /* LLDB Debugger 学习(一)：LLDB Xcode 文档：LLDB Quick Start Guide.md */ = {isa = PBXFileReference; lastKnownFileType = net.daringfireball.markdown; path = "LLDB Debugger 学习(一)：LLDB Xcode 文档：LLDB Quick Start Guide.md"; sourceTree = "<group>"; };
		8E2137B426D3D99B00CB9B03 /* Flutter 学习笔记（一）：第一个 Flutter 应用.md */ = {isa = PBXFileReference; lastKnownFileType = net.daringfireball.markdown; path = "Flutter 学习笔记（一）：第一个 Flutter 应用.md"; sourceTree = "<group>"; };
		8E3327D926F0227600753049 /* iOS App 启动优化(十四)：clang.md */ = {isa = PBXFileReference; lastKnownFileType = net.daringfireball.markdown; path = "iOS App 启动优化(十四)：clang.md"; sourceTree = "<group>"; };
		8E3327EF26F2C30C00753049 /* iOS App Crash 学习：(六)：dsym文件讲解.md */ = {isa = PBXFileReference; lastKnownFileType = net.daringfireball.markdown; path = "iOS App Crash 学习：(六)：dsym文件讲解.md"; sourceTree = "<group>"; };
		8E3530A627F0773A00110319 /* SwiftUI 学习笔记（四）：Drawing Paths and Shapes.md */ = {isa = PBXFileReference; lastKnownFileType = net.daringfireball.markdown; path = "SwiftUI 学习笔记（四）：Drawing Paths and Shapes.md"; sourceTree = "<group>"; };
		8E35318926C210EF0067E763 /* iOS App 启动优化(十)：Hook 总结之 Method Swizzle 源码分析.md */ = {isa = PBXFileReference; lastKnownFileType = net.daringfireball.markdown; path = "iOS App 启动优化(十)：Hook 总结之 Method Swizzle 源码分析.md"; sourceTree = "<group>"; };
		8E3DDAD029061E6B007888AD /* SwiftUI 学习笔记（六）：Composing Complex Interfaces.md */ = {isa = PBXFileReference; lastKnownFileType = net.daringfireball.markdown; path = "SwiftUI 学习笔记（六）：Composing Complex Interfaces.md"; sourceTree = "<group>"; };
		8E3DDAD329079EE1007888AD /* SwiftUI 学习笔记（七）：Working with UI Controls_Two.md */ = {isa = PBXFileReference; lastKnownFileType = net.daringfireball.markdown; path = "SwiftUI 学习笔记（七）：Working with UI Controls_Two.md"; sourceTree = "<group>"; };
		8E509EAD2847C2B300DBFC98 /* JavaScript 学习记录（五）：asynchronous JavaScript.md */ = {isa = PBXFileReference; lastKnownFileType = net.daringfireball.markdown; path = "JavaScript 学习记录（五）：asynchronous JavaScript.md"; sourceTree = "<group>"; };
		8E509EB0284CA22600DBFC98 /* JavaScript 学习记录（六）：Memory Management.md */ = {isa = PBXFileReference; lastKnownFileType = net.daringfireball.markdown; path = "JavaScript 学习记录（六）：Memory Management.md"; sourceTree = "<group>"; };
		8E509EB1284CAB8100DBFC98 /* JavaScript 学习记录（七）：Concurrency model and Event Loop.md */ = {isa = PBXFileReference; lastKnownFileType = net.daringfireball.markdown; path = "JavaScript 学习记录（七）：Concurrency model and Event Loop.md"; sourceTree = "<group>"; };
		8E50F0002791A1F100A4DBE1 /* SwiftUI 学习笔记（一）：Creating and Combining Views.md */ = {isa = PBXFileReference; lastKnownFileType = net.daringfireball.markdown; path = "SwiftUI 学习笔记（一）：Creating and Combining Views.md"; sourceTree = "<group>"; };
		8E51B8C52833201400B8D4C4 /* 浅学 Clang（一）：clang 指令介绍.md */ = {isa = PBXFileReference; lastKnownFileType = net.daringfireball.markdown; path = "浅学 Clang（一）：clang 指令介绍.md"; sourceTree = "<group>"; };
		8E51E62F27CDAA8600F82C80 /* JavaScript Window 学习笔记.md */ = {isa = PBXFileReference; lastKnownFileType = net.daringfireball.markdown; path = "JavaScript Window 学习笔记.md"; sourceTree = "<group>"; };
		8E52DF2D2866DE8100AC7847 /* HTML 学习记录（五）：HTML 多媒体和嵌入.md */ = {isa = PBXFileReference; lastKnownFileType = net.daringfireball.markdown; path = "HTML 学习记录（五）：HTML 多媒体和嵌入.md"; sourceTree = "<group>"; };
		8E52DF2E2874853B00AC7847 /* HTML 参考学习笔记（一）：HTML 元素参考.md */ = {isa = PBXFileReference; lastKnownFileType = net.daringfireball.markdown; path = "HTML 参考学习笔记（一）：HTML 元素参考.md"; sourceTree = "<group>"; };
		8E52DF302875D58E00AC7847 /* HTML 学习记录（六）：HTML 表格.md */ = {isa = PBXFileReference; lastKnownFileType = net.daringfireball.markdown; path = "HTML 学习记录（六）：HTML 表格.md"; sourceTree = "<group>"; };
		8E52DF312875D7AB00AC7847 /* HTML 学习记录（七）：HTML 表单.md */ = {isa = PBXFileReference; lastKnownFileType = net.daringfireball.markdown; path = "HTML 学习记录（七）：HTML 表单.md"; sourceTree = "<group>"; };
		8E52DF57288011E400AC7847 /* iOS 组件化实践（二）：协议方案.md */ = {isa = PBXFileReference; lastKnownFileType = net.daringfireball.markdown; path = "iOS 组件化实践（二）：协议方案.md"; sourceTree = "<group>"; };
		8E53C9E926B2240F00FB0AD7 /* iOS App 启动优化(九)：AOP.md */ = {isa = PBXFileReference; lastKnownFileType = net.daringfireball.markdown; path = "iOS App 启动优化(九)：AOP.md"; sourceTree = "<group>"; };
		8E53C9F326B29D9400FB0AD7 /* main.md */ = {isa = PBXFileReference; lastKnownFileType = net.daringfireball.markdown; path = main.md; sourceTree = "<group>"; };
		8E540D2628CACDA100124C2A /* resume.md */ = {isa = PBXFileReference; lastKnownFileType = net.daringfireball.markdown; path = resume.md; sourceTree = "<group>"; };
		8E543AF82899F59E00D91E4A /* 函数调用堆栈Six.md */ = {isa = PBXFileReference; lastKnownFileType = net.daringfireball.markdown; path = "函数调用堆栈Six.md"; sourceTree = "<group>"; };
		8E5AAF19268EA5BD00A845FB /* iOS App 启动优化(八)：符号化相关内容学习（feature）.md */ = {isa = PBXFileReference; lastKnownFileType = net.daringfireball.markdown; path = "iOS App 启动优化(八)：符号化相关内容学习（feature）.md"; sourceTree = "<group>"; };
		8E5BE94D2A414A2000F09973 /* GlobalAI.md */ = {isa = PBXFileReference; lastKnownFileType = net.daringfireball.markdown; path = GlobalAI.md; sourceTree = "<group>"; };
		8E5BE9502A42910000F09973 /* GlobalAI_Copy.md */ = {isa = PBXFileReference; lastKnownFileType = net.daringfireball.markdown; path = GlobalAI_Copy.md; sourceTree = "<group>"; };
		8E5E58452685979D0088C814 /* StudyMarkdown */ = {isa = PBXFileReference; explicitFileType = "compiled.mach-o.executable"; includeInIndex = 0; path = StudyMarkdown; sourceTree = BUILT_PRODUCTS_DIR; };
		8E5E58482685979D0088C814 /* main.cpp */ = {isa = PBXFileReference; lastKnownFileType = sourcecode.cpp.cpp; path = main.cpp; sourceTree = "<group>"; };
		8E5E58512686A0010088C814 /* 总路线-> 冲冲冲.md */ = {isa = PBXFileReference; fileEncoding = 4; lastKnownFileType = net.daringfireball.markdown; path = "总路线-> 冲冲冲.md"; sourceTree = "<group>"; };
		8E5E58522686A0010088C814 /* Objective-C类型编码.md */ = {isa = PBXFileReference; fileEncoding = 4; lastKnownFileType = net.daringfireball.markdown; path = "Objective-C类型编码.md"; sourceTree = "<group>"; };
		8E5E58542686A0010088C814 /* iOS底层isa结构(isa_t).md */ = {isa = PBXFileReference; fileEncoding = 4; lastKnownFileType = net.daringfireball.markdown; path = "iOS底层isa结构(isa_t).md"; sourceTree = "<group>"; };
		8E5E58562686A0010088C814 /* iOS底层runtime应用之动态添加属性:成员变量.md */ = {isa = PBXFileReference; fileEncoding = 4; lastKnownFileType = net.daringfireball.markdown; path = "iOS底层runtime应用之动态添加属性:成员变量.md"; sourceTree = "<group>"; };
		8E5E58582686A0010088C814 /* noexcept关键字学习.md */ = {isa = PBXFileReference; fileEncoding = 4; lastKnownFileType = net.daringfireball.markdown; path = "noexcept关键字学习.md"; sourceTree = "<group>"; };
		8E5E58592686A0010088C814 /* iOS底层懒加载类:非懒加载类.md */ = {isa = PBXFileReference; fileEncoding = 4; lastKnownFileType = net.daringfireball.markdown; path = "iOS底层懒加载类:非懒加载类.md"; sourceTree = "<group>"; };
		8E5E585A2686A0010088C814 /* iOS底层isa指向探究.md */ = {isa = PBXFileReference; fileEncoding = 4; lastKnownFileType = net.daringfireball.markdown; path = "iOS底层isa指向探究.md"; sourceTree = "<group>"; };
		8E5E585D2686A0010088C814 /* LP64等数据模型.md */ = {isa = PBXFileReference; fileEncoding = 4; lastKnownFileType = net.daringfireball.markdown; path = "LP64等数据模型.md"; sourceTree = "<group>"; };
		8E5E58602686A0010088C814 /* iOS Tagged Pointer.md */ = {isa = PBXFileReference; fileEncoding = 4; lastKnownFileType = net.daringfireball.markdown; path = "iOS Tagged Pointer.md"; sourceTree = "<group>"; };
		8E5E58612686A0010088C814 /* constexpr关键字使用.md */ = {isa = PBXFileReference; fileEncoding = 4; lastKnownFileType = net.daringfireball.markdown; path = "constexpr关键字使用.md"; sourceTree = "<group>"; };
		8E5E58622686A0010088C814 /* 深入理解Objective-C中的Class.md */ = {isa = PBXFileReference; fileEncoding = 4; lastKnownFileType = net.daringfireball.markdown; path = "深入理解Objective-C中的Class.md"; sourceTree = "<group>"; };
		8E5E58642686A0010088C814 /* iOS底层Class结构之Cache_t.md */ = {isa = PBXFileReference; fileEncoding = 4; lastKnownFileType = net.daringfireball.markdown; path = "iOS底层Class结构之Cache_t.md"; sourceTree = "<group>"; };
		8E5E58672686A0010088C814 /* Bugly问题列表.md */ = {isa = PBXFileReference; fileEncoding = 4; lastKnownFileType = net.daringfireball.markdown; path = "Bugly问题列表.md"; sourceTree = "<group>"; };
		8E5E58682686A0010088C814 /* using关键字使用.md */ = {isa = PBXFileReference; fileEncoding = 4; lastKnownFileType = net.daringfireball.markdown; path = "using关键字使用.md"; sourceTree = "<group>"; };
		8E5E586A2686A0010088C814 /* iOS 2021 面试前的准备（总结各知识点方便面试前快速复习使用）（五）.md */ = {isa = PBXFileReference; fileEncoding = 4; lastKnownFileType = net.daringfireball.markdown; path = "iOS 2021 面试前的准备（总结各知识点方便面试前快速复习使用）（五）.md"; sourceTree = "<group>"; };
		8E5E586C2686A0010088C814 /* iOS 从源码解析Runtime (一)：Tagged Pointer知识点解读.md */ = {isa = PBXFileReference; fileEncoding = 4; lastKnownFileType = net.daringfireball.markdown; path = "iOS 从源码解析Runtime (一)：Tagged Pointer知识点解读.md"; sourceTree = "<group>"; };
		8E5E586D2686A0010088C814 /* iOS 从源码解析Runtime (四)：引用计数表内部数据结构DenseMapBase.md */ = {isa = PBXFileReference; fileEncoding = 4; lastKnownFileType = net.daringfireball.markdown; path = "iOS 从源码解析Runtime (四)：引用计数表内部数据结构DenseMapBase.md"; sourceTree = "<group>"; };
		8E5E586E2686A0010088C814 /* 《剑指 Offer》面试题五十一～面试题六十的总结.md */ = {isa = PBXFileReference; fileEncoding = 4; lastKnownFileType = net.daringfireball.markdown; path = "《剑指 Offer》面试题五十一～面试题六十的总结.md"; sourceTree = "<group>"; };
		8E5E586F2686A0010088C814 /* iOS APP 启动优化(二)：Code Size Performance Guidelines.md */ = {isa = PBXFileReference; fileEncoding = 4; lastKnownFileType = net.daringfireball.markdown; path = "iOS APP 启动优化(二)：Code Size Performance Guidelines.md"; sourceTree = "<group>"; };
		8E5E58702686A0010088C814 /* iOS Category 底层实现原理(一)：概念与数据结构.md */ = {isa = PBXFileReference; fileEncoding = 4; lastKnownFileType = net.daringfireball.markdown; path = "iOS Category 底层实现原理(一)：概念与数据结构.md"; sourceTree = "<group>"; };
		8E5E58712686A0010088C814 /* block_Temp.md */ = {isa = PBXFileReference; fileEncoding = 4; lastKnownFileType = net.daringfireball.markdown; path = block_Temp.md; sourceTree = "<group>"; };
		8E5E58722686A0010088C814 /* iOS 从源码解析Run Loop (八)：Run Loop 与 AutoreleasePool、NSTimer、PerformSelector 系列函数.md */ = {isa = PBXFileReference; fileEncoding = 4; lastKnownFileType = net.daringfireball.markdown; path = "iOS 从源码解析Run Loop (八)：Run Loop 与 AutoreleasePool、NSTimer、PerformSelector 系列函数.md"; sourceTree = "<group>"; };
		8E5E58732686A0010088C814 /* iOS 渲染过程全解析.md */ = {isa = PBXFileReference; fileEncoding = 4; lastKnownFileType = net.daringfireball.markdown; path = "iOS 渲染过程全解析.md"; sourceTree = "<group>"; };
		8E5E58742686A0010088C814 /* 《剑指 Offer》面试题十一～面试题二十的总结.md */ = {isa = PBXFileReference; fileEncoding = 4; lastKnownFileType = net.daringfireball.markdown; path = "《剑指 Offer》面试题十一～面试题二十的总结.md"; sourceTree = "<group>"; };
		8E5E58752686A0010088C814 /* iOS 多线程知识体系构建(八)：GCD 源码：队列创建（自定义、根队列、主队列）.md */ = {isa = PBXFileReference; fileEncoding = 4; lastKnownFileType = net.daringfireball.markdown; path = "iOS 多线程知识体系构建(八)：GCD 源码：队列创建（自定义、根队列、主队列）.md"; sourceTree = "<group>"; };
		8E5E58762686A0010088C814 /* iOS 响应者链（Responder Chain）与触摸事件处理全过程分析.md */ = {isa = PBXFileReference; fileEncoding = 4; lastKnownFileType = net.daringfireball.markdown; path = "iOS 响应者链（Responder Chain）与触摸事件处理全过程分析.md"; sourceTree = "<group>"; };
		8E5E58772686A0010088C814 /* iOS weak 底层实现原理(一)：SideTable|s、weak_table_t、weak_entry_t 等数据结构.md */ = {isa = PBXFileReference; fileEncoding = 4; lastKnownFileType = net.daringfireball.markdown; path = "iOS weak 底层实现原理(一)：SideTable|s、weak_table_t、weak_entry_t 等数据结构.md"; sourceTree = "<group>"; };
		8E5E58782686A0010088C814 /* iOS APP 启动优化(一)：ipa(iPhone Application) 包和 Mach-O(Mach Object file format) 概述.md */ = {isa = PBXFileReference; fileEncoding = 4; lastKnownFileType = net.daringfireball.markdown; path = "iOS APP 启动优化(一)：ipa(iPhone Application) 包和 Mach-O(Mach Object file format) 概述.md"; sourceTree = "<group>"; };
		8E5E58792686A0010088C814 /* 数据结构与算法-七大经典排序算法.md */ = {isa = PBXFileReference; fileEncoding = 4; lastKnownFileType = net.daringfireball.markdown; path = "数据结构与算法-七大经典排序算法.md"; sourceTree = "<group>"; };
		8E5E587A2686A0010088C814 /* iOS《Color Management Overview》官方文档.md */ = {isa = PBXFileReference; fileEncoding = 4; lastKnownFileType = net.daringfireball.markdown; path = "iOS《Color Management Overview》官方文档.md"; sourceTree = "<group>"; };
		8E5E587B2686A0010088C814 /* iOS 多线程知识体系构建(三)：GCD API（queue.h）解析篇.md */ = {isa = PBXFileReference; fileEncoding = 4; lastKnownFileType = net.daringfireball.markdown; path = "iOS 多线程知识体系构建(三)：GCD API（queue.h）解析篇.md"; sourceTree = "<group>"; };
		8E5E587C2686A0010088C814 /* 《剑指 Offer》面试题六十一～面试题六十八的总结.md */ = {isa = PBXFileReference; fileEncoding = 4; lastKnownFileType = net.daringfireball.markdown; path = "《剑指 Offer》面试题六十一～面试题六十八的总结.md"; sourceTree = "<group>"; };
		8E5E587D2686A0010088C814 /* iOS 从源码解析Run Loop (一)：run loop 基本概念理解与 NSRunLoop.h 文档.md */ = {isa = PBXFileReference; fileEncoding = 4; lastKnownFileType = net.daringfireball.markdown; path = "iOS 从源码解析Run Loop (一)：run loop 基本概念理解与 NSRunLoop.h 文档.md"; sourceTree = "<group>"; };
		8E5E587E2686A0010088C814 /* iOS 从源码解析Run Loop (三)：CF创建实例以及获取RunLoop、RunLoopMode的完整过程.md */ = {isa = PBXFileReference; fileEncoding = 4; lastKnownFileType = net.daringfireball.markdown; path = "iOS 从源码解析Run Loop (三)：CF创建实例以及获取RunLoop、RunLoopMode的完整过程.md"; sourceTree = "<group>"; };
		8E5E587F2686A0010088C814 /* iOS 多线程知识体系构建(六)：GCD API（block.h）解析篇.md */ = {isa = PBXFileReference; fileEncoding = 4; lastKnownFileType = net.daringfireball.markdown; path = "iOS 多线程知识体系构建(六)：GCD API（block.h）解析篇.md"; sourceTree = "<group>"; };
		8E5E58802686A0010088C814 /* iOS 从源码解析Run Loop (九)：Run Loop 与事件响应、手势识别、屏幕刷新、卡顿监测.md */ = {isa = PBXFileReference; fileEncoding = 4; lastKnownFileType = net.daringfireball.markdown; path = "iOS 从源码解析Run Loop (九)：Run Loop 与事件响应、手势识别、屏幕刷新、卡顿监测.md"; sourceTree = "<group>"; };
		8E5E58812686A0010088C814 /* iOS 从源码解析Runtime (八)：聚焦cache_t 相关数据结构及函数解析(1).md */ = {isa = PBXFileReference; fileEncoding = 4; lastKnownFileType = net.daringfireball.markdown; path = "iOS 从源码解析Runtime (八)：聚焦cache_t 相关数据结构及函数解析(1).md"; sourceTree = "<group>"; };
		8E5E58822686A0010088C814 /* iOS 从源码解析Runtime (五)：聚焦objc_object(retain、release、retaincount).md */ = {isa = PBXFileReference; fileEncoding = 4; lastKnownFileType = net.daringfireball.markdown; path = "iOS 从源码解析Runtime (五)：聚焦objc_object(retain、release、retaincount).md"; sourceTree = "<group>"; };
		8E5E58832686A0010088C814 /* iOS 从源码解析Run Loop (六)：run loop 运行全过程解析.md */ = {isa = PBXFileReference; fileEncoding = 4; lastKnownFileType = net.daringfireball.markdown; path = "iOS 从源码解析Run Loop (六)：run loop 运行全过程解析.md"; sourceTree = "<group>"; };
		8E5E58842686A0010088C814 /* iOS《Drawing and Printing Guide for iOS》官方文档.md */ = {isa = PBXFileReference; fileEncoding = 4; lastKnownFileType = net.daringfireball.markdown; path = "iOS《Drawing and Printing Guide for iOS》官方文档.md"; sourceTree = "<group>"; };
		8E5E58852686A0010088C814 /* 《剑指 Offer》面试题四十一～面试题五十的总结.md */ = {isa = PBXFileReference; fileEncoding = 4; lastKnownFileType = net.daringfireball.markdown; path = "《剑指 Offer》面试题四十一～面试题五十的总结.md"; sourceTree = "<group>"; };
		8E5E58862686A0010088C814 /* iOS 多线程知识体系构建(十二)：GCD 源码：dispatch_barrier_async、dispatch_barrier_sync 函数.md */ = {isa = PBXFileReference; fileEncoding = 4; lastKnownFileType = net.daringfireball.markdown; path = "iOS 多线程知识体系构建(十二)：GCD 源码：dispatch_barrier_async、dispatch_barrier_sync 函数.md"; sourceTree = "<group>"; };
		8E5E58872686A0010088C814 /* iOS weak 底层实现原理(三)：weak变量从初始化到被置为nil 都经历了什么.md */ = {isa = PBXFileReference; fileEncoding = 4; lastKnownFileType = net.daringfireball.markdown; path = "iOS weak 底层实现原理(三)：weak变量从初始化到被置为nil 都经历了什么.md"; sourceTree = "<group>"; };
		8E5E58882686A0010088C814 /* iOS《Quartz 2D Programming Guide》官方文档-Graphics Contexts.md */ = {isa = PBXFileReference; fileEncoding = 4; lastKnownFileType = net.daringfireball.markdown; path = "iOS《Quartz 2D Programming Guide》官方文档-Graphics Contexts.md"; sourceTree = "<group>"; };
		8E5E58892686A0010088C814 /* 《剑指 Offer》面试题一～面试题十的总结.md */ = {isa = PBXFileReference; fileEncoding = 4; lastKnownFileType = net.daringfireball.markdown; path = "《剑指 Offer》面试题一～面试题十的总结.md"; sourceTree = "<group>"; };
		8E5E588A2686A0010088C814 /* iOS CALayer 官方文档.md */ = {isa = PBXFileReference; fileEncoding = 4; lastKnownFileType = net.daringfireball.markdown; path = "iOS CALayer 官方文档.md"; sourceTree = "<group>"; };
		8E5E588B2686A0010088C814 /* iOS 从源码解析Run Loop (五)：NSPort、TSD 相关内容解析.md */ = {isa = PBXFileReference; fileEncoding = 4; lastKnownFileType = net.daringfireball.markdown; path = "iOS 从源码解析Run Loop (五)：NSPort、TSD 相关内容解析.md"; sourceTree = "<group>"; };
		8E5E588C2686A0010088C814 /* iOS NSOperation、NSBlockOperation、NSInvocationOperation、NSOperationQueue官方文档.md */ = {isa = PBXFileReference; fileEncoding = 4; lastKnownFileType = net.daringfireball.markdown; path = "iOS NSOperation、NSBlockOperation、NSInvocationOperation、NSOperationQueue官方文档.md"; sourceTree = "<group>"; };
		8E5E588D2686A0010088C814 /* iOS 多线程知识体系构建(九)：GCD 源码：dispatch_async、dispatch_sync 函数.md */ = {isa = PBXFileReference; fileEncoding = 4; lastKnownFileType = net.daringfireball.markdown; path = "iOS 多线程知识体系构建(九)：GCD 源码：dispatch_async、dispatch_sync 函数.md"; sourceTree = "<group>"; };
		8E5E588E2686A0010088C814 /* iOS 多线程知识体系构建(四)：GCD API（object.h、group.h、semaphore.h）解析篇.md */ = {isa = PBXFileReference; fileEncoding = 4; lastKnownFileType = net.daringfireball.markdown; path = "iOS 多线程知识体系构建(四)：GCD API（object.h、group.h、semaphore.h）解析篇.md"; sourceTree = "<group>"; };
		8E5E588F2686A0010088C814 /* iOS《Quartz 2D Programming Guide》官方文档-Paths.md */ = {isa = PBXFileReference; fileEncoding = 4; lastKnownFileType = net.daringfireball.markdown; path = "iOS《Quartz 2D Programming Guide》官方文档-Paths.md"; sourceTree = "<group>"; };
		8E5E58902686A0010088C814 /* iOS 2021 面试前的准备（总结各知识点方便面试前快速复习使用）（三）.md */ = {isa = PBXFileReference; fileEncoding = 4; lastKnownFileType = net.daringfireball.markdown; path = "iOS 2021 面试前的准备（总结各知识点方便面试前快速复习使用）（三）.md"; sourceTree = "<group>"; };
		8E5E58912686A0010088C814 /* iOS 2021 面试前的准备（总结各知识点方便面试前快速复习使用）（四）.md */ = {isa = PBXFileReference; fileEncoding = 4; lastKnownFileType = net.daringfireball.markdown; path = "iOS 2021 面试前的准备（总结各知识点方便面试前快速复习使用）（四）.md"; sourceTree = "<group>"; };
		8E5E58922686A0010088C814 /* iOS《Key-Value Observing Programming Guide》官方文档.md */ = {isa = PBXFileReference; fileEncoding = 4; lastKnownFileType = net.daringfireball.markdown; path = "iOS《Key-Value Observing Programming Guide》官方文档.md"; sourceTree = "<group>"; };
		8E5E58932686A0010088C814 /* iOS《View Controller Programming Guide for iOS》官方文档.md */ = {isa = PBXFileReference; fileEncoding = 4; lastKnownFileType = net.daringfireball.markdown; path = "iOS《View Controller Programming Guide for iOS》官方文档.md"; sourceTree = "<group>"; };
		8E5E58942686A0010088C814 /* iOS 从源码解析Runtime (十三)：聚焦 objc_class(objc_class函数内容篇).md */ = {isa = PBXFileReference; fileEncoding = 4; lastKnownFileType = net.daringfireball.markdown; path = "iOS 从源码解析Runtime (十三)：聚焦 objc_class(objc_class函数内容篇).md"; sourceTree = "<group>"; };
		8E5E58952686A0010088C814 /* 《剑指 Offer》面试题三十一～面试题四十的总结.md */ = {isa = PBXFileReference; fileEncoding = 4; lastKnownFileType = net.daringfireball.markdown; path = "《剑指 Offer》面试题三十一～面试题四十的总结.md"; sourceTree = "<group>"; };
		8E5E58962686A0010088C814 /* iOS 从源码解析Runtime (二)：聚焦 isa、objc_object(ISA_BITFIELD相关内容篇).md */ = {isa = PBXFileReference; fileEncoding = 4; lastKnownFileType = net.daringfireball.markdown; path = "iOS 从源码解析Runtime (二)：聚焦 isa、objc_object(ISA_BITFIELD相关内容篇).md"; sourceTree = "<group>"; };
		8E5E58972686A0010088C814 /* 《剑指 Offer》面试题二十一～面试题三十的总结.md */ = {isa = PBXFileReference; fileEncoding = 4; lastKnownFileType = net.daringfireball.markdown; path = "《剑指 Offer》面试题二十一～面试题三十的总结.md"; sourceTree = "<group>"; };
		8E5E58982686A0010088C814 /* 临时题纲.md */ = {isa = PBXFileReference; fileEncoding = 4; lastKnownFileType = net.daringfireball.markdown; path = "临时题纲.md"; sourceTree = "<group>"; };
		8E5E58992686A0010088C814 /* iOS Category 底层实现原理(二)：函数分析与加载流程.md */ = {isa = PBXFileReference; fileEncoding = 4; lastKnownFileType = net.daringfireball.markdown; path = "iOS Category 底层实现原理(二)：函数分析与加载流程.md"; sourceTree = "<group>"; };
		8E5E589A2686A0010088C814 /* iOS Dynamic Method Resolution与Message Forwarding官方文档.md */ = {isa = PBXFileReference; fileEncoding = 4; lastKnownFileType = net.daringfireball.markdown; path = "iOS Dynamic Method Resolution与Message Forwarding官方文档.md"; sourceTree = "<group>"; };
		8E5E589B2686A0010088C814 /* iOS 从源码解析Runtime (十四)：由源码解读属性&成员变量的修饰符.md */ = {isa = PBXFileReference; fileEncoding = 4; lastKnownFileType = net.daringfireball.markdown; path = "iOS 从源码解析Runtime (十四)：由源码解读属性&成员变量的修饰符.md"; sourceTree = "<group>"; };
		8E5E589C2686A0010088C814 /* iOS 开发中使用的各种锁的总结.md */ = {isa = PBXFileReference; fileEncoding = 4; lastKnownFileType = net.daringfireball.markdown; path = "iOS 开发中使用的各种锁的总结.md"; sourceTree = "<group>"; };
		8E5E589D2686A0010088C814 /* iOS 从源码解析Run Loop (四)：Source、Timer、Observer 创建以及添加到 mode 的过程.md */ = {isa = PBXFileReference; fileEncoding = 4; lastKnownFileType = net.daringfireball.markdown; path = "iOS 从源码解析Run Loop (四)：Source、Timer、Observer 创建以及添加到 mode 的过程.md"; sourceTree = "<group>"; };
		8E5E589E2686A0010088C814 /* iOS《Concurrency Programming Guide-Operation Queues》官方文档.md */ = {isa = PBXFileReference; fileEncoding = 4; lastKnownFileType = net.daringfireball.markdown; path = "iOS《Concurrency Programming Guide-Operation Queues》官方文档.md"; sourceTree = "<group>"; };
		8E5E589F2686A0010088C814 /* iOS 从源码解析Run Loop (七)：mach msg 解析.md */ = {isa = PBXFileReference; fileEncoding = 4; lastKnownFileType = net.daringfireball.markdown; path = "iOS 从源码解析Run Loop (七)：mach msg 解析.md"; sourceTree = "<group>"; };
		8E5E58A02686A0010088C814 /* iOS《Animation Types and Timing Programming Guide》官方文档.md */ = {isa = PBXFileReference; fileEncoding = 4; lastKnownFileType = net.daringfireball.markdown; path = "iOS《Animation Types and Timing Programming Guide》官方文档.md"; sourceTree = "<group>"; };
		8E5E58A12686A0010088C814 /* iOS APP 启动优化(五)：map_images、load_images、unmap_image 过程解析.md */ = {isa = PBXFileReference; fileEncoding = 4; lastKnownFileType = net.daringfireball.markdown; path = "iOS APP 启动优化(五)：map_images、load_images、unmap_image 过程解析.md"; sourceTree = "<group>"; };
		8E5E58A22686A0010088C814 /* iOS weak 底层实现原理(四)：ARC 和 MRC 下 weak 变量的访问过程.md */ = {isa = PBXFileReference; fileEncoding = 4; lastKnownFileType = net.daringfireball.markdown; path = "iOS weak 底层实现原理(四)：ARC 和 MRC 下 weak 变量的访问过程.md"; sourceTree = "<group>"; };
		8E5E58A32686A0010088C814 /* iOS NSCoding.md */ = {isa = PBXFileReference; fileEncoding = 4; lastKnownFileType = net.daringfireball.markdown; path = "iOS NSCoding.md"; sourceTree = "<group>"; };
		8E5E58A42686A0010088C814 /* iOS《Key-Value Coding Programming Guide》官方文档.md */ = {isa = PBXFileReference; fileEncoding = 4; lastKnownFileType = net.daringfireball.markdown; path = "iOS《Key-Value Coding Programming Guide》官方文档.md"; sourceTree = "<group>"; };
		8E5E58A52686A0010088C814 /* iOS 从源码解析Runtime (七)：聚焦objc_object(dealloc、autorelease返回值优化篇).md */ = {isa = PBXFileReference; fileEncoding = 4; lastKnownFileType = net.daringfireball.markdown; path = "iOS 从源码解析Runtime (七)：聚焦objc_object(dealloc、autorelease返回值优化篇).md"; sourceTree = "<group>"; };
		8E5E58A62686A0010088C814 /* iOS 2021 面试前的准备（总结各知识点方便面试前快速复习使用）（七）.md */ = {isa = PBXFileReference; fileEncoding = 4; lastKnownFileType = net.daringfireball.markdown; path = "iOS 2021 面试前的准备（总结各知识点方便面试前快速复习使用）（七）.md"; sourceTree = "<group>"; };
		8E5E58A72686A0010088C814 /* iOS 多线程知识体系构建(二)：Pthreads、NSThread篇.md */ = {isa = PBXFileReference; fileEncoding = 4; lastKnownFileType = net.daringfireball.markdown; path = "iOS 多线程知识体系构建(二)：Pthreads、NSThread篇.md"; sourceTree = "<group>"; };
		8E5E58A82686A0010088C814 /* iOS 多线程知识体系构建(十)：GCD 源码：dispatch_once、dispatch_semaphore函数.md */ = {isa = PBXFileReference; fileEncoding = 4; lastKnownFileType = net.daringfireball.markdown; path = "iOS 多线程知识体系构建(十)：GCD 源码：dispatch_once、dispatch_semaphore函数.md"; sourceTree = "<group>"; };
		8E5E58A92686A0010088C814 /* iOS 从源码解析Runtime (十一)：聚焦objc_class(class_data_bits_t内容篇).md */ = {isa = PBXFileReference; fileEncoding = 4; lastKnownFileType = net.daringfireball.markdown; path = "iOS 从源码解析Runtime (十一)：聚焦objc_class(class_data_bits_t内容篇).md"; sourceTree = "<group>"; };
		8E5E58AA2686A0010088C814 /* iOS weak 底层实现原理(二)：objc-weak 函数列表全解析.md */ = {isa = PBXFileReference; fileEncoding = 4; lastKnownFileType = net.daringfireball.markdown; path = "iOS weak 底层实现原理(二)：objc-weak 函数列表全解析.md"; sourceTree = "<group>"; };
		8E5E58AB2686A0010088C814 /* iOS《Core Image Programming Guide》官方文档.md */ = {isa = PBXFileReference; fileEncoding = 4; lastKnownFileType = net.daringfireball.markdown; path = "iOS《Core Image Programming Guide》官方文档.md"; sourceTree = "<group>"; };
		8E5E58AC2686A0010088C814 /* iOS 2021 面试前的准备（总结各知识点方便面试前快速复习使用）（一）.md */ = {isa = PBXFileReference; fileEncoding = 4; lastKnownFileType = net.daringfireball.markdown; path = "iOS 2021 面试前的准备（总结各知识点方便面试前快速复习使用）（一）.md"; sourceTree = "<group>"; };
		8E5E58AD2686A0010088C814 /* iOS《View Programming Guide for iOS》官方文档.md */ = {isa = PBXFileReference; fileEncoding = 4; lastKnownFileType = net.daringfireball.markdown; path = "iOS《View Programming Guide for iOS》官方文档.md"; sourceTree = "<group>"; };
		8E5E58AE2686A0010088C814 /* iOS APP 启动优化(三)：dyld（the dynamic link editor）动态链接器和 dyld 加载流程.md */ = {isa = PBXFileReference; fileEncoding = 4; lastKnownFileType = net.daringfireball.markdown; path = "iOS APP 启动优化(三)：dyld（the dynamic link editor）动态链接器和 dyld 加载流程.md"; sourceTree = "<group>"; };
		8E5E58AF2686A0010088C814 /* iOS 2021 面试前的准备（总结各知识点方便面试前快速复习使用）（六）.md */ = {isa = PBXFileReference; fileEncoding = 4; lastKnownFileType = net.daringfireball.markdown; path = "iOS 2021 面试前的准备（总结各知识点方便面试前快速复习使用）（六）.md"; sourceTree = "<group>"; };
		8E5E58B02686A0010088C814 /* iOS 多线程知识体系构建(十一)：GCD 源码：dispatch_group函数（超详细）.md */ = {isa = PBXFileReference; fileEncoding = 4; lastKnownFileType = net.daringfireball.markdown; path = "iOS 多线程知识体系构建(十一)：GCD 源码：dispatch_group函数（超详细）.md"; sourceTree = "<group>"; };
		8E5E58B12686A0010088C814 /* iOS 多线程知识体系构建(七)：GCD 源码：基本数据结构篇.md */ = {isa = PBXFileReference; fileEncoding = 4; lastKnownFileType = net.daringfireball.markdown; path = "iOS 多线程知识体系构建(七)：GCD 源码：基本数据结构篇.md"; sourceTree = "<group>"; };
		8E5E58B22686A0010088C814 /* iOS 从源码解析Runtime (六)：AutoreleasePool实现原理解读.md */ = {isa = PBXFileReference; fileEncoding = 4; lastKnownFileType = net.daringfireball.markdown; path = "iOS 从源码解析Runtime (六)：AutoreleasePool实现原理解读.md"; sourceTree = "<group>"; };
		8E5E58B32686A0010088C814 /* iOS APP 启动优化(四)：_objc_init 过程解析.md */ = {isa = PBXFileReference; fileEncoding = 4; lastKnownFileType = net.daringfireball.markdown; path = "iOS APP 启动优化(四)：_objc_init 过程解析.md"; sourceTree = "<group>"; };
		8E5E58B42686A0010088C814 /* iOS 从源码解析Runtime (十二)：聚焦objc_class(class_rw_t 内容篇).md */ = {isa = PBXFileReference; fileEncoding = 4; lastKnownFileType = net.daringfireball.markdown; path = "iOS 从源码解析Runtime (十二)：聚焦objc_class(class_rw_t 内容篇).md"; sourceTree = "<group>"; };
		8E5E58B52686A0010088C814 /* iOS 2021 面试前的准备（总结各知识点方便面试前快速复习使用）（二）.md */ = {isa = PBXFileReference; fileEncoding = 4; lastKnownFileType = net.daringfireball.markdown; path = "iOS 2021 面试前的准备（总结各知识点方便面试前快速复习使用）（二）.md"; sourceTree = "<group>"; };
		8E5E58B62686A0010088C814 /* iOS 多线程知识体系构建(五)：GCD API（source.h、workloop.h、data.h）解析篇.md */ = {isa = PBXFileReference; fileEncoding = 4; lastKnownFileType = net.daringfireball.markdown; path = "iOS 多线程知识体系构建(五)：GCD API（source.h、workloop.h、data.h）解析篇.md"; sourceTree = "<group>"; };
		8E5E58B72686A0010088C814 /* iOS 从 libclosure-74 源码来研究 Block 实现原理(2).md */ = {isa = PBXFileReference; fileEncoding = 4; lastKnownFileType = net.daringfireball.markdown; path = "iOS 从 libclosure-74 源码来研究 Block 实现原理(2).md"; sourceTree = "<group>"; };
		8E5E58B82686A0010088C814 /* iOS 从源码解析Run Loop (二)：Run Loops 官方文档翻译.md */ = {isa = PBXFileReference; fileEncoding = 4; lastKnownFileType = net.daringfireball.markdown; path = "iOS 从源码解析Run Loop (二)：Run Loops 官方文档翻译.md"; sourceTree = "<group>"; };
		8E5E58B92686A0010088C814 /* iOS 2021 面试前的准备（总结各知识点方便面试前快速复习使用）（八）.md */ = {isa = PBXFileReference; fileEncoding = 4; lastKnownFileType = net.daringfireball.markdown; path = "iOS 2021 面试前的准备（总结各知识点方便面试前快速复习使用）（八）.md"; sourceTree = "<group>"; };
		8E5E58BA2686A0010088C814 /* iOS AssociatedObject 底层实现原理.md */ = {isa = PBXFileReference; fileEncoding = 4; lastKnownFileType = net.daringfireball.markdown; path = "iOS AssociatedObject 底层实现原理.md"; sourceTree = "<group>"; };
		8E5E58BB2686A0010088C814 /* iOS 从源码解析Runtime (三)：引用计数表内部数据结构DenseMap.md */ = {isa = PBXFileReference; fileEncoding = 4; lastKnownFileType = net.daringfireball.markdown; path = "iOS 从源码解析Runtime (三)：引用计数表内部数据结构DenseMap.md"; sourceTree = "<group>"; };
		8E5E58BC2686A0010088C814 /* iOS 从源码解析Run Loop (十)：Run Loop 与GCD、FPS、CADisplayLink.md */ = {isa = PBXFileReference; fileEncoding = 4; lastKnownFileType = net.daringfireball.markdown; path = "iOS 从源码解析Run Loop (十)：Run Loop 与GCD、FPS、CADisplayLink.md"; sourceTree = "<group>"; };
		8E5E58BD2686A0010088C814 /* iOS《OpenGL ES Programming Guide》官方文档.md */ = {isa = PBXFileReference; fileEncoding = 4; lastKnownFileType = net.daringfireball.markdown; path = "iOS《OpenGL ES Programming Guide》官方文档.md"; sourceTree = "<group>"; };
		8E5E58BE2686A0010088C814 /* iOS Category 底层实现原理(三)：附加+load函数超详细解析.md */ = {isa = PBXFileReference; fileEncoding = 4; lastKnownFileType = net.daringfireball.markdown; path = "iOS Category 底层实现原理(三)：附加+load函数超详细解析.md"; sourceTree = "<group>"; };
		8E5E58BF2686A0010088C814 /* iOS《Core Animation Programming Guide》官方文档.md */ = {isa = PBXFileReference; fileEncoding = 4; lastKnownFileType = net.daringfireball.markdown; path = "iOS《Core Animation Programming Guide》官方文档.md"; sourceTree = "<group>"; };
		8E5E58C02686A0010088C814 /* iOS 从源码解析Runtime (九)：聚焦cache_t objc-msg-arm64.s解析(2).md */ = {isa = PBXFileReference; fileEncoding = 4; lastKnownFileType = net.daringfireball.markdown; path = "iOS 从源码解析Runtime (九)：聚焦cache_t objc-msg-arm64.s解析(2).md"; sourceTree = "<group>"; };
		8E5E58C12686A0010088C814 /* iOS 多线程知识体系构建(一)：基本概念篇.md */ = {isa = PBXFileReference; fileEncoding = 4; lastKnownFileType = net.daringfireball.markdown; path = "iOS 多线程知识体系构建(一)：基本概念篇.md"; sourceTree = "<group>"; };
		8E5E58C22686A0010088C814 /* iOS 从 libclosure-74 源码来研究 Block 实现原理(1).md */ = {isa = PBXFileReference; fileEncoding = 4; lastKnownFileType = net.daringfireball.markdown; path = "iOS 从 libclosure-74 源码来研究 Block 实现原理(1).md"; sourceTree = "<group>"; };
		8E5E58C32686A0010088C814 /* iOS 从源码解析Runtime (十)：聚焦cache_t objc-msg-arm64.s补充(3).md */ = {isa = PBXFileReference; fileEncoding = 4; lastKnownFileType = net.daringfireball.markdown; path = "iOS 从源码解析Runtime (十)：聚焦cache_t objc-msg-arm64.s补充(3).md"; sourceTree = "<group>"; };
		8E5E58C42686A0010088C814 /* C++强制类型转换符reinterpret_cast.md */ = {isa = PBXFileReference; fileEncoding = 4; lastKnownFileType = net.daringfireball.markdown; path = "C++强制类型转换符reinterpret_cast.md"; sourceTree = "<group>"; };
		8E5E58C72686A0010088C814 /* volatile关键字使用.md */ = {isa = PBXFileReference; fileEncoding = 4; lastKnownFileType = net.daringfireball.markdown; path = "volatile关键字使用.md"; sourceTree = "<group>"; };
		8E5E58C82686A0010088C814 /* iOS底层class_getInstanceSize和malloc_size.md */ = {isa = PBXFileReference; fileEncoding = 4; lastKnownFileType = net.daringfireball.markdown; path = "iOS底层class_getInstanceSize和malloc_size.md"; sourceTree = "<group>"; };
		8E5E58CA2686A0010088C814 /* bzero函数.md */ = {isa = PBXFileReference; fileEncoding = 4; lastKnownFileType = net.daringfireball.markdown; path = "bzero函数.md"; sourceTree = "<group>"; };
		8E5E58CB2686A0010088C814 /* iOS底层self_super_superclass.md */ = {isa = PBXFileReference; fileEncoding = 4; lastKnownFileType = net.daringfireball.markdown; path = "iOS底层self_super_superclass.md"; sourceTree = "<group>"; };
		8E5E58CC2686A0010088C814 /* 内存对齐原则.md */ = {isa = PBXFileReference; fileEncoding = 4; lastKnownFileType = net.daringfireball.markdown; path = "内存对齐原则.md"; sourceTree = "<group>"; };
		8E5E58CE2686A0010088C814 /* ReactNative_iOSNative.md */ = {isa = PBXFileReference; fileEncoding = 4; lastKnownFileType = net.daringfireball.markdown; path = ReactNative_iOSNative.md; sourceTree = "<group>"; };
		8E5E58CF2686A0010088C814 /* 深入理解Objective-C中的alloc和init.md */ = {isa = PBXFileReference; fileEncoding = 4; lastKnownFileType = net.daringfireball.markdown; path = "深入理解Objective-C中的alloc和init.md"; sourceTree = "<group>"; };
		8E5E58D02686A0010088C814 /* iOS底层Class探索和方法执行过程.md */ = {isa = PBXFileReference; fileEncoding = 4; lastKnownFileType = net.daringfireball.markdown; path = "iOS底层Class探索和方法执行过程.md"; sourceTree = "<group>"; };
		8E5E58D12686A0010088C814 /* xcodesamplecode.plist */ = {isa = PBXFileReference; fileEncoding = 4; lastKnownFileType = text.plist.xml; path = xcodesamplecode.plist; sourceTree = "<group>"; };
		8E5E58D22686A0010088C814 /* iOS消息转发机制.md */ = {isa = PBXFileReference; fileEncoding = 4; lastKnownFileType = net.daringfireball.markdown; path = "iOS消息转发机制.md"; sourceTree = "<group>"; };
		8E5E58D32686A0010088C814 /* 野指针.md */ = {isa = PBXFileReference; fileEncoding = 4; lastKnownFileType = net.daringfireball.markdown; path = "野指针.md"; sourceTree = "<group>"; };
		8E5E58D42686A0010088C814 /* 面试准备.md */ = {isa = PBXFileReference; fileEncoding = 4; lastKnownFileType = net.daringfireball.markdown; path = "面试准备.md"; sourceTree = "<group>"; };
		8E5E58D52686A0010088C814 /* =default 和 = delete使用.md */ = {isa = PBXFileReference; fileEncoding = 4; lastKnownFileType = net.daringfireball.markdown; path = "=default 和 = delete使用.md"; sourceTree = "<group>"; };
		8E5E58D92686A0010088C814 /* memmove函数使用.md */ = {isa = PBXFileReference; fileEncoding = 4; lastKnownFileType = net.daringfireball.markdown; path = "memmove函数使用.md"; sourceTree = "<group>"; };
		8E5E5B1F2842694C00E3E038 /* 浅学 Clang（二）：clang 源码.md */ = {isa = PBXFileReference; lastKnownFileType = net.daringfireball.markdown; path = "浅学 Clang（二）：clang 源码.md"; sourceTree = "<group>"; };
		8E5E5B202843295600E3E038 /* JavaScript 学习记录（四）：prototype、prototype chain.md */ = {isa = PBXFileReference; lastKnownFileType = net.daringfireball.markdown; path = "JavaScript 学习记录（四）：prototype、prototype chain.md"; sourceTree = "<group>"; };
		8E5E5EA22686AB280088C814 /* iOS APP 启动优化(六)：在指定的 segment 和 section 中存入数据.md */ = {isa = PBXFileReference; fileEncoding = 4; lastKnownFileType = net.daringfireball.markdown; path = "iOS APP 启动优化(六)：在指定的 segment 和 section 中存入数据.md"; sourceTree = "<group>"; };
		8E64803727E85310007ADB46 /* React 学习笔记.md */ = {isa = PBXFileReference; lastKnownFileType = net.daringfireball.markdown; path = "React 学习笔记.md"; sourceTree = "<group>"; };
		8E6496A827151413009DD7FC /* iOS App Crash 学习：(一)：Objective-C 异常分析（NSException）.md */ = {isa = PBXFileReference; lastKnownFileType = net.daringfireball.markdown; path = "iOS App Crash 学习：(一)：Objective-C 异常分析（NSException）.md"; sourceTree = "<group>"; };
		8E69B643292F3F4300AA29B9 /* Flutter 学习过程中不容错过的项目实践.md */ = {isa = PBXFileReference; lastKnownFileType = net.daringfireball.markdown; path = "Flutter 学习过程中不容错过的项目实践.md"; sourceTree = "<group>"; };
		8E71016C2823F6A600BEB9A3 /* Xcode 相关的一些 Concepts.md */ = {isa = PBXFileReference; lastKnownFileType = net.daringfireball.markdown; path = "Xcode 相关的一些 Concepts.md"; sourceTree = "<group>"; };
		8E7101D528294FF000BEB9A3 /* 2022 学习计划.md */ = {isa = PBXFileReference; lastKnownFileType = net.daringfireball.markdown; path = "2022 学习计划.md"; sourceTree = "<group>"; };
		8E72348126BCB01200E13B1B /* iOS App 启动优化(九)：fishhook 延展阅读.md */ = {isa = PBXFileReference; lastKnownFileType = net.daringfireball.markdown; path = "iOS App 启动优化(九)：fishhook 延展阅读.md"; sourceTree = "<group>"; };
		8E73B42C27D58674009254D9 /* jQuery 学习笔记.md */ = {isa = PBXFileReference; lastKnownFileType = net.daringfireball.markdown; path = "jQuery 学习笔记.md"; sourceTree = "<group>"; };
		8E73B44D27D5ACC4009254D9 /* associatedtype 学习笔记.md */ = {isa = PBXFileReference; lastKnownFileType = net.daringfireball.markdown; path = "associatedtype 学习笔记.md"; sourceTree = "<group>"; };
		8E73B44E27D5D44A009254D9 /* Combine 学习笔记.md */ = {isa = PBXFileReference; lastKnownFileType = net.daringfireball.markdown; path = "Combine 学习笔记.md"; sourceTree = "<group>"; };
		8E73B46927D6E3E1009254D9 /* Combine 学习笔记.md */ = {isa = PBXFileReference; lastKnownFileType = net.daringfireball.markdown; path = "Combine 学习笔记.md"; sourceTree = "<group>"; };
		8E73B46B27D708C7009254D9 /* Dart 学习记录（一）：.md */ = {isa = PBXFileReference; lastKnownFileType = net.daringfireball.markdown; path = "Dart 学习记录（一）：.md"; sourceTree = "<group>"; };
		8E73B4A727D9DBEC009254D9 /* temp_document.md */ = {isa = PBXFileReference; lastKnownFileType = net.daringfireball.markdown; path = temp_document.md; sourceTree = "<group>"; };
		8E7610A926EF8DAD00B3C4FC /* LLDB Debugger 学习(三)：chisel 命令列举.md */ = {isa = PBXFileReference; lastKnownFileType = net.daringfireball.markdown; path = "LLDB Debugger 学习(三)：chisel 命令列举.md"; sourceTree = "<group>"; };
		8E79139727A0D10600900CDA /* Python笔记.md */ = {isa = PBXFileReference; lastKnownFileType = net.daringfireball.markdown; path = "Python笔记.md"; sourceTree = "<group>"; };
		8E7B22D9269E5F8C00ED3945 /* 待学清单.md */ = {isa = PBXFileReference; lastKnownFileType = net.daringfireball.markdown; path = "待学清单.md"; sourceTree = "<group>"; };
		8E7BDC1628704BED0027A0CB /* Xcode 工程相关（二）：.xcodeproj 文件分析.md */ = {isa = PBXFileReference; lastKnownFileType = net.daringfireball.markdown; path = "Xcode 工程相关（二）：.xcodeproj 文件分析.md"; sourceTree = "<group>"; };
		8E80F65E27DC888B00942D35 /* SwiftUI 学习笔记（二）：Building Lists and Navigation.md */ = {isa = PBXFileReference; lastKnownFileType = net.daringfireball.markdown; path = "SwiftUI 学习笔记（二）：Building Lists and Navigation.md"; sourceTree = "<group>"; };
		8E8A66D02862A352003DB257 /* Xcode工程相关（一）：.xcodeproj 文件分析.md */ = {isa = PBXFileReference; lastKnownFileType = net.daringfireball.markdown; path = "Xcode工程相关（一）：.xcodeproj 文件分析.md"; sourceTree = "<group>"; };
		8E8ACB5327B5EDE5006D82FA /* cocoapods和Xcode工程.md */ = {isa = PBXFileReference; lastKnownFileType = net.daringfireball.markdown; path = "cocoapods和Xcode工程.md"; sourceTree = "<group>"; };
		8E8B83AB26EA5F4E003BB703 /* Flutter 学习笔记（三）：Widgets 目录（1）.md */ = {isa = PBXFileReference; lastKnownFileType = net.daringfireball.markdown; path = "Flutter 学习笔记（三）：Widgets 目录（1）.md"; sourceTree = "<group>"; };
		8E8E5A05285026A200B5BF6B /* JavaScript 学习记录（八）：Iterators and generators.md */ = {isa = PBXFileReference; lastKnownFileType = net.daringfireball.markdown; path = "JavaScript 学习记录（八）：Iterators and generators.md"; sourceTree = "<group>"; };
		8E9E98FD285303DC00160878 /* JavaScript 学习记录（九）：Meta programming.md */ = {isa = PBXFileReference; lastKnownFileType = net.daringfireball.markdown; path = "JavaScript 学习记录（九）：Meta programming.md"; sourceTree = "<group>"; };
		8E9E98FE2853102B00160878 /* JavaScript 学习记录（十）：JavaScript modules.md */ = {isa = PBXFileReference; lastKnownFileType = net.daringfireball.markdown; path = "JavaScript 学习记录（十）：JavaScript modules.md"; sourceTree = "<group>"; };
		8EA477A72858CC9200020467 /* HTML 学习记录（一）：HTML 基础预览.md */ = {isa = PBXFileReference; lastKnownFileType = net.daringfireball.markdown; path = "HTML 学习记录（一）：HTML 基础预览.md"; sourceTree = "<group>"; };
		8EA477A8285A0E9900020467 /* HTML 学习记录（二）：HTML 入门和 HTML 中的元数据.md */ = {isa = PBXFileReference; lastKnownFileType = net.daringfireball.markdown; path = "HTML 学习记录（二）：HTML 入门和 HTML 中的元数据.md"; sourceTree = "<group>"; };
		8EA477AA285CAF6D00020467 /* HTML 学习记录（三）：HTML 文字处理基础和建立超链接.md */ = {isa = PBXFileReference; lastKnownFileType = net.daringfireball.markdown; path = "HTML 学习记录（三）：HTML 文字处理基础和建立超链接.md"; sourceTree = "<group>"; };
		8EA477AB285F5FB600020467 /* HTML 学习记录（四）：HTML 高级文本排版.md */ = {isa = PBXFileReference; lastKnownFileType = net.daringfireball.markdown; path = "HTML 学习记录（四）：HTML 高级文本排版.md"; sourceTree = "<group>"; };
		8EA4A4E7288701CB009FE182 /* MDN 上的 HTTP 学习（一）：跨源资源共享（CORS）.md */ = {isa = PBXFileReference; lastKnownFileType = net.daringfireball.markdown; path = "MDN 上的 HTTP 学习（一）：跨源资源共享（CORS）.md"; sourceTree = "<group>"; };
		8EA8F6FE29592ABA0063A7A6 /* Flutter_two.md */ = {isa = PBXFileReference; lastKnownFileType = net.daringfireball.markdown; path = Flutter_two.md; sourceTree = "<group>"; };
		8EA8F6FF295A7B1D0063A7A6 /* Flutter_three.md */ = {isa = PBXFileReference; lastKnownFileType = net.daringfireball.markdown; path = Flutter_three.md; sourceTree = "<group>"; };
		8EACBADD27D63F95001AB602 /* TypeScript 学习笔记.md */ = {isa = PBXFileReference; lastKnownFileType = net.daringfireball.markdown; path = "TypeScript 学习笔记.md"; sourceTree = "<group>"; };
		8EACBADE27DA44A8001AB602 /* Optional 学习笔记.md */ = {isa = PBXFileReference; lastKnownFileType = net.daringfireball.markdown; path = "Optional 学习笔记.md"; sourceTree = "<group>"; };
		8EAFFB4427946FDA00B70023 /* 汇编第二篇.md */ = {isa = PBXFileReference; lastKnownFileType = net.daringfireball.markdown; path = "汇编第二篇.md"; sourceTree = "<group>"; };
		8EAFFB452795979800B70023 /* iOS App Crash 分析：(五)：汇编知识点学习-寄存器篇.md */ = {isa = PBXFileReference; lastKnownFileType = net.daringfireball.markdown; path = "iOS App Crash 分析：(五)：汇编知识点学习-寄存器篇.md"; sourceTree = "<group>"; };
		8EB2848E26873FE800CCD5FB /* README.md */ = {isa = PBXFileReference; fileEncoding = 4; lastKnownFileType = net.daringfireball.markdown; name = README.md; path = ../README.md; sourceTree = "<group>"; };
		8EB2848F2687EFD000CCD5FB /* iOS App 启动优化(七)：NSProcessInfo 解析.md */ = {isa = PBXFileReference; lastKnownFileType = net.daringfireball.markdown; path = "iOS App 启动优化(七)：NSProcessInfo 解析.md"; sourceTree = "<group>"; };
		8EB3AD7D27E8BF76006336C1 /* MySQL 学习笔记.md */ = {isa = PBXFileReference; lastKnownFileType = net.daringfireball.markdown; path = "MySQL 学习笔记.md"; sourceTree = "<group>"; };
		8EB3AD7E27EB703A006336C1 /* SwiftUI 学习笔记（三）：Handling User Input.md */ = {isa = PBXFileReference; lastKnownFileType = net.daringfireball.markdown; path = "SwiftUI 学习笔记（三）：Handling User Input.md"; sourceTree = "<group>"; };
		8EB3CEB2273FBEDC00C4CF32 /* iOS App Crash 学习：(二)：Mach exceptions 和 Unix signals 分析.md */ = {isa = PBXFileReference; lastKnownFileType = net.daringfireball.markdown; path = "iOS App Crash 学习：(二)：Mach exceptions 和 Unix signals 分析.md"; sourceTree = "<group>"; };
		8EC967DF27F850C20049151A /* SwiftUI 学习笔记（五）：Animating Views and Transitions.md */ = {isa = PBXFileReference; lastKnownFileType = net.daringfireball.markdown; path = "SwiftUI 学习笔记（五）：Animating Views and Transitions.md"; sourceTree = "<group>"; };
		8ECAE73A2915F886004ED07C /* SwiftUI 学习笔记（十）：Creating a macOS App_Four.md */ = {isa = PBXFileReference; lastKnownFileType = net.daringfireball.markdown; path = "SwiftUI 学习笔记（十）：Creating a macOS App_Four.md"; sourceTree = "<group>"; };
		8ECD26852974F0C6000BFD05 /* optimize.md */ = {isa = PBXFileReference; lastKnownFileType = net.daringfireball.markdown; path = optimize.md; sourceTree = "<group>"; };
		8ECD64EF27A18A2B002E63A7 /* iOS App Crash 分析：(六)：汇编知识点学习-指令集篇.md */ = {isa = PBXFileReference; lastKnownFileType = net.daringfireball.markdown; path = "iOS App Crash 分析：(六)：汇编知识点学习-指令集篇.md"; sourceTree = "<group>"; };
		8ECD64F027B2BA85002E63A7 /* iOS App Crash 分析：(七)：汇编知识点学习-指令篇.md */ = {isa = PBXFileReference; lastKnownFileType = net.daringfireball.markdown; path = "iOS App Crash 分析：(七)：汇编知识点学习-指令篇.md"; sourceTree = "<group>"; };
		8ECD64F727B8AB32002E63A7 /* Shell 笔记.md */ = {isa = PBXFileReference; lastKnownFileType = net.daringfireball.markdown; path = "Shell 笔记.md"; sourceTree = "<group>"; };
		8ECD64FF27C7D959002E63A7 /* JavaScript 学习记录（一）：JSON.md */ = {isa = PBXFileReference; lastKnownFileType = net.daringfireball.markdown; path = "JavaScript 学习记录（一）：JSON.md"; sourceTree = "<group>"; };
		8ECD650027C8F6F5002E63A7 /* AJAX 学习笔记.md */ = {isa = PBXFileReference; lastKnownFileType = net.daringfireball.markdown; path = "AJAX 学习笔记.md"; sourceTree = "<group>"; };
		8ECD650127C904F9002E63A7 /* JavaScript 学习记录（二）：Promise.md */ = {isa = PBXFileReference; lastKnownFileType = net.daringfireball.markdown; path = "JavaScript 学习记录（二）：Promise.md"; sourceTree = "<group>"; };
		8ECD652527CB5D21002E63A7 /* JavaScript HTML DOM 学习笔记.md */ = {isa = PBXFileReference; lastKnownFileType = net.daringfireball.markdown; path = "JavaScript HTML DOM 学习笔记.md"; sourceTree = "<group>"; };
		8ECD652627CCE7BE002E63A7 /* JavaScript 学习笔记 nine.md */ = {isa = PBXFileReference; lastKnownFileType = net.daringfireball.markdown; path = "JavaScript 学习笔记 nine.md"; sourceTree = "<group>"; };
		8ECE502426DEF9F400681115 /* Swift 进阶笔记（一）：Swift 源码编译.md */ = {isa = PBXFileReference; lastKnownFileType = net.daringfireball.markdown; path = "Swift 进阶笔记（一）：Swift 源码编译.md"; sourceTree = "<group>"; };
		8ECE502526DF048C00681115 /* Flutter 学习笔记（二）：Flutter 的 widget 介绍.md.md */ = {isa = PBXFileReference; lastKnownFileType = net.daringfireball.markdown; path = "Flutter 学习笔记（二）：Flutter 的 widget 介绍.md.md"; sourceTree = "<group>"; };
		8ED0613E272160AE00D65609 /* Flutter 学习笔记（五）：Cookbook.md */ = {isa = PBXFileReference; lastKnownFileType = net.daringfireball.markdown; path = "Flutter 学习笔记（五）：Cookbook.md"; sourceTree = "<group>"; };
		8ED36F4A27780A01002BBC42 /* iOS App Crash 学习：(四)：KSCrash 使用以及源码解读（2）.md */ = {isa = PBXFileReference; lastKnownFileType = net.daringfireball.markdown; path = "iOS App Crash 学习：(四)：KSCrash 使用以及源码解读（2）.md"; sourceTree = "<group>"; };
		8EDEFC312803AD59003AD8EC /* JavaScript 学习记录（三）：ES6 Map、Set.md */ = {isa = PBXFileReference; lastKnownFileType = net.daringfireball.markdown; path = "JavaScript 学习记录（三）：ES6 Map、Set.md"; sourceTree = "<group>"; };
		8EE3B535288F679900B59C1E /* iOS 组件化实践（一）：中间层方案选择.md */ = {isa = PBXFileReference; lastKnownFileType = net.daringfireball.markdown; path = "iOS 组件化实践（一）：中间层方案选择.md"; sourceTree = "<group>"; };
		8EE69B2E2894B69300049601 /* 2022学习计划Two.md */ = {isa = PBXFileReference; lastKnownFileType = net.daringfireball.markdown; path = "2022学习计划Two.md"; sourceTree = "<group>"; };
		8EE822FA2B053F2500E1418C /* 2023年末 - iOS 实时面试题：如何在 Category 中添加一个 Weak 属性？.md */ = {isa = PBXFileReference; lastKnownFileType = net.daringfireball.markdown; path = "2023年末 - iOS 实时面试题：如何在 Category 中添加一个 Weak 属性？.md"; sourceTree = "<group>"; };
		8EE823262B06DD9100E1418C /* 2023年末 - iOS 实时面试题：如何解决 NSTimer 引发的循环引用问题？.md */ = {isa = PBXFileReference; lastKnownFileType = net.daringfireball.markdown; path = "2023年末 - iOS 实时面试题：如何解决 NSTimer 引发的循环引用问题？.md"; sourceTree = "<group>"; };
		8EE823302B07C8E200E1418C /* 2023年末 - iOS 实时面试题：如何在低版本 iOS 中使用仅高版本支持的 SwiftUI API？.md */ = {isa = PBXFileReference; lastKnownFileType = net.daringfireball.markdown; path = "2023年末 - iOS 实时面试题：如何在低版本 iOS 中使用仅高版本支持的 SwiftUI API？.md"; sourceTree = "<group>"; };
		8EE90ABC2B088569006B7A02 /* 调整NSTimer的文章.md */ = {isa = PBXFileReference; lastKnownFileType = net.daringfireball.markdown; path = "调整NSTimer的文章.md"; sourceTree = "<group>"; };
		8EE90AD72B08A0B9006B7A02 /* SwiftUI.md */ = {isa = PBXFileReference; lastKnownFileType = net.daringfireball.markdown; path = SwiftUI.md; sourceTree = "<group>"; };
		8EE90AD82B08B888006B7A02 /* RN 优化.md */ = {isa = PBXFileReference; lastKnownFileType = net.daringfireball.markdown; path = "RN 优化.md"; sourceTree = "<group>"; };
		8EF8E1C4293ED7BE0057FBB8 /* Flutter 状态管理技巧.md */ = {isa = PBXFileReference; lastKnownFileType = net.daringfireball.markdown; path = "Flutter 状态管理技巧.md"; sourceTree = "<group>"; };
		D25AAFF22BEB4D690095511B /* Flutter Future\Stream\Isolate.md */ = {isa = PBXFileReference; lastKnownFileType = net.daringfireball.markdown; path = "Flutter Future\\Stream\\Isolate.md"; sourceTree = "<group>"; };
/* End PBXFileReference section */

/* Begin PBXFrameworksBuildPhase section */
		8E5E58422685979D0088C814 /* Frameworks */ = {
			isa = PBXFrameworksBuildPhase;
			buildActionMask = 2147483647;
			files = (
			);
			runOnlyForDeploymentPostprocessing = 0;
		};
/* End PBXFrameworksBuildPhase section */

/* Begin PBXGroup section */
		8E0F47152873B97C0023B594 /* 语言概念学习 */ = {
			isa = PBXGroup;
			children = (
				8E0F47162873B9B10023B594 /* 单线程语言.md */,
				8E540D2628CACDA100124C2A /* resume.md */,
			);
			path = "语言概念学习";
			sourceTree = "<group>";
		};
		8E110CCF270F48A30016FF16 /* LLDB */ = {
			isa = PBXGroup;
			children = (
				8E2137B226D2365700CB9B03 /* LLDB Debugger 学习(一)：LLDB Xcode 文档：LLDB Quick Start Guide.md */,
				8E06B17226DB4228001F451B /* LLDB Debugger 学习(二)：LLDB 进阶.md */,
				8E7610A926EF8DAD00B3C4FC /* LLDB Debugger 学习(三)：chisel 命令列举.md */,
			);
			path = LLDB;
			sourceTree = "<group>";
		};
		8E2137B326D2382E00CB9B03 /* Flutter */ = {
			isa = PBXGroup;
			children = (
				8E2137B426D3D99B00CB9B03 /* Flutter 学习笔记（一）：第一个 Flutter 应用.md */,
				8ECE502526DF048C00681115 /* Flutter 学习笔记（二）：Flutter 的 widget 介绍.md.md */,
				8E8B83AB26EA5F4E003BB703 /* Flutter 学习笔记（三）：Widgets 目录（1）.md */,
				8E110CCE270F1F020016FF16 /* Flutter 学习笔记（四）：Widgets 目录（2）.md */,
				8ED0613E272160AE00D65609 /* Flutter 学习笔记（五）：Cookbook.md */,
				8E69B643292F3F4300AA29B9 /* Flutter 学习过程中不容错过的项目实践.md */,
				8EF8E1C4293ED7BE0057FBB8 /* Flutter 状态管理技巧.md */,
				8E18B9D029588F4400F85C2A /* Flutter 学习过程中不容错过的项目进阶实践.md */,
				8EA8F6FE29592ABA0063A7A6 /* Flutter_two.md */,
				8EA8F6FF295A7B1D0063A7A6 /* Flutter_three.md */,
				D25AAFF22BEB4D690095511B /* Flutter Future\Stream\Isolate.md */,
			);
			path = Flutter;
			sourceTree = "<group>";
		};
		8E3327F026F2C38000753049 /* crash */ = {
			isa = PBXGroup;
			children = (
				8E6496A827151413009DD7FC /* iOS App Crash 学习：(一)：Objective-C 异常分析（NSException）.md */,
				8EB3CEB2273FBEDC00C4CF32 /* iOS App Crash 学习：(二)：Mach exceptions 和 Unix signals 分析.md */,
				8E1B718727618434005D2CD3 /* iOS App Crash 学习：(三)：KSCrash 使用以及源码解读（1）.md */,
				8ED36F4A27780A01002BBC42 /* iOS App Crash 学习：(四)：KSCrash 使用以及源码解读（2）.md */,
				8ECD64F227B2BC6A002E63A7 /* dsym */,
				8ECD64F127B2BC3D002E63A7 /* 汇编知识点 */,
			);
			path = crash;
			sourceTree = "<group>";
		};
		8E509EAE2847C61500DBFC98 /* 杂记 */ = {
			isa = PBXGroup;
			children = (
				8ECD652527CB5D21002E63A7 /* JavaScript HTML DOM 学习笔记.md */,
				8ECD652627CCE7BE002E63A7 /* JavaScript 学习笔记 nine.md */,
				8E51E62F27CDAA8600F82C80 /* JavaScript Window 学习笔记.md */,
			);
			path = "杂记";
			sourceTree = "<group>";
		};
		8E509EAF2847C62700DBFC98 /* 已发布 */ = {
			isa = PBXGroup;
			children = (
				8ECD64FF27C7D959002E63A7 /* JavaScript 学习记录（一）：JSON.md */,
				8ECD650127C904F9002E63A7 /* JavaScript 学习记录（二）：Promise.md */,
				8EDEFC312803AD59003AD8EC /* JavaScript 学习记录（三）：ES6 Map、Set.md */,
				8E5E5B202843295600E3E038 /* JavaScript 学习记录（四）：prototype、prototype chain.md */,
				8E509EAD2847C2B300DBFC98 /* JavaScript 学习记录（五）：asynchronous JavaScript.md */,
				8E509EB0284CA22600DBFC98 /* JavaScript 学习记录（六）：Memory Management.md */,
				8E509EB1284CAB8100DBFC98 /* JavaScript 学习记录（七）：Concurrency model and Event Loop.md */,
				8E8E5A05285026A200B5BF6B /* JavaScript 学习记录（八）：Iterators and generators.md */,
				8E9E98FD285303DC00160878 /* JavaScript 学习记录（九）：Meta programming.md */,
				8E9E98FE2853102B00160878 /* JavaScript 学习记录（十）：JavaScript modules.md */,
			);
			path = "已发布";
			sourceTree = "<group>";
		};
		8E50EFFF27919E5700A4DBE1 /* SwiftUI */ = {
			isa = PBXGroup;
			children = (
				8E50F0002791A1F100A4DBE1 /* SwiftUI 学习笔记（一）：Creating and Combining Views.md */,
				8E80F65E27DC888B00942D35 /* SwiftUI 学习笔记（二）：Building Lists and Navigation.md */,
				8EB3AD7E27EB703A006336C1 /* SwiftUI 学习笔记（三）：Handling User Input.md */,
				8E3530A627F0773A00110319 /* SwiftUI 学习笔记（四）：Drawing Paths and Shapes.md */,
				8EC967DF27F850C20049151A /* SwiftUI 学习笔记（五）：Animating Views and Transitions.md */,
				8E3DDAD029061E6B007888AD /* SwiftUI 学习笔记（六）：Composing Complex Interfaces.md */,
				8E3DDAD329079EE1007888AD /* SwiftUI 学习笔记（七）：Working with UI Controls_Two.md */,
				8E13B7FE290BE4D8001F9606 /* SwiftUI 学习笔记（八）：Interfacing with UIKit_Two.md */,
				8E13B7FF290F5656001F9606 /* SwiftUI 学习笔记（九）：Creating a watchOS App_Two.md */,
				8E13B8AE29112A78001F9606 /* SwiftUI 学习笔记（十）：Creating a macOS App_Two.md */,
				8E13B8B129122B3B001F9606 /* SwiftUI 学习笔记（十）：Creating a macOS App_Three.md */,
				8ECAE73A2915F886004ED07C /* SwiftUI 学习笔记（十）：Creating a macOS App_Four.md */,
			);
			path = SwiftUI;
			sourceTree = "<group>";
		};
		8E50F0012791A2EC00A4DBE1 /* Shell */ = {
			isa = PBXGroup;
			children = (
				8ECD64F727B8AB32002E63A7 /* Shell 笔记.md */,
			);
			path = Shell;
			sourceTree = "<group>";
		};
		8E52DF2F2874854700AC7847 /* HTML 参考 */ = {
			isa = PBXGroup;
			children = (
				8E52DF2E2874853B00AC7847 /* HTML 参考学习笔记（一）：HTML 元素参考.md */,
			);
			path = "HTML 参考";
			sourceTree = "<group>";
		};
		8E52DF4B287B271F00AC7847 /* 组件化 */ = {
			isa = PBXGroup;
			children = (
				8EE3B535288F679900B59C1E /* iOS 组件化实践（一）：中间层方案选择.md */,
				8E52DF57288011E400AC7847 /* iOS 组件化实践（二）：协议方案.md */,
				8E543AF82899F59E00D91E4A /* 函数调用堆栈Six.md */,
			);
			path = "组件化";
			sourceTree = "<group>";
		};
		8E53C9F226B29D6400FB0AD7 /* Swift */ = {
			isa = PBXGroup;
			children = (
				8E53C9F326B29D9400FB0AD7 /* main.md */,
				8ECE502426DEF9F400681115 /* Swift 进阶笔记（一）：Swift 源码编译.md */,
			);
			path = Swift;
			sourceTree = "<group>";
		};
		8E5BE94C2A414A0900F09973 /* AI */ = {
			isa = PBXGroup;
			children = (
				8E5BE94D2A414A2000F09973 /* GlobalAI.md */,
				8E5BE9502A42910000F09973 /* GlobalAI_Copy.md */,
			);
			path = AI;
			sourceTree = "<group>";
		};
		8E5E583C2685979D0088C814 = {
			isa = PBXGroup;
			children = (
				8EB2848E26873FE800CCD5FB /* README.md */,
				8E5E58472685979D0088C814 /* StudyMarkdown */,
				8E5E58462685979D0088C814 /* Products */,
			);
			sourceTree = "<group>";
		};
		8E5E58462685979D0088C814 /* Products */ = {
			isa = PBXGroup;
			children = (
				8E5E58452685979D0088C814 /* StudyMarkdown */,
			);
			name = Products;
			sourceTree = "<group>";
		};
		8E5E58472685979D0088C814 /* StudyMarkdown */ = {
			isa = PBXGroup;
			children = (
				8E5E58512686A0010088C814 /* 总路线-> 冲冲冲.md */,
				8E5E58502686A0010088C814 /* md */,
				8E5E58482685979D0088C814 /* main.cpp */,
			);
			path = StudyMarkdown;
			sourceTree = "<group>";
		};
		8E5E58502686A0010088C814 /* md */ = {
			isa = PBXGroup;
			children = (
				8E5E5EA32686AB5D0088C814 /* 零碎文件 */,
				8E5E58692686A0010088C814 /* 已发布 */,
			);
			path = md;
			sourceTree = "<group>";
		};
		8E5E58692686A0010088C814 /* 已发布 */ = {
			isa = PBXGroup;
			children = (
				8EE822F92B051D7B00E1418C /* 2024_iOS实时题目 */,
				8E5BE94C2A414A0900F09973 /* AI */,
				8ECD26842974F0A8000BFD05 /* Optimized */,
				8EA4A4E62887017B009FE182 /* MDN_HTTP */,
				8E52DF4B287B271F00AC7847 /* 组件化 */,
				8E0F47152873B97C0023B594 /* 语言概念学习 */,
				8E7101D428294FC500BEB9A3 /* 2022学习计划 */,
				8E71016B2823F67200BEB9A3 /* xcodebuild */,
				8E73B4A627D9DB6B009254D9 /* To_be_read_list  */,
				8E73B46A27D708AE009254D9 /* Dart */,
				8E8ACB5C27BC7A1B006D82FA /* JavaScript */,
				8EA477A62858CC5C00020467 /* HTML */,
				8EACBADC27D62C5F001AB602 /* TypeScript */,
				8E73B42B27D58632009254D9 /* jQuery */,
				8E64803627E852A5007ADB46 /* React */,
				8EB3AD7C27E8BF4F006336C1 /* MySQL */,
				8ECD654D27CE4268002E63A7 /* AJAX */,
				8E8ACB5227B5ED94006D82FA /* Xcode工程相关 */,
				8E79139627A0D0CC00900CDA /* Python */,
				8E50F0012791A2EC00A4DBE1 /* Shell */,
				8E50EFFF27919E5700A4DBE1 /* SwiftUI */,
				8E80F65F27DC89A700942D35 /* Combine */,
				8E110CCF270F48A30016FF16 /* LLDB */,
				8E3327F026F2C38000753049 /* crash */,
				8E2137B326D2382E00CB9B03 /* Flutter */,
				8E53C9F226B29D6400FB0AD7 /* Swift */,
				8E5E5EA82686AC090088C814 /* KVCKVO */,
				8E5E5EA72686ABE60088C814 /* 消息转发 */,
				8E5E5EA62686ABB10088C814 /* ResponderChain */,
				8E5E5EA52686ABA30088C814 /* lock */,
				8E5E5EA42686AB7E0088C814 /* 官方文档 */,
				8E5E5EA12686AAA50088C814 /* AssociatedObject */,
				8E5E5EA02686AA110088C814 /* block */,
				8E5E5E992686A8840088C814 /* 剑指Offer */,
				8E5E5E9A2686A89E0088C814 /* runtime */,
				8E5E5E982686A8740088C814 /* 面试总结 */,
				8E5E5E9B2686A8AB0088C814 /* dyld */,
				8E5E5E9E2686A8DA0088C814 /* GCD(thread) */,
				8E5E5E9C2686A8B90088C814 /* category */,
				8E5E5E9D2686A8C90088C814 /* runloop */,
				8E5E5E9F2686A9020088C814 /* weak */,
				8E5E58712686A0010088C814 /* block_Temp.md */,
				8E5E58982686A0010088C814 /* 临时题纲.md */,
			);
			path = "已发布";
			sourceTree = "<group>";
		};
		8E5E5E982686A8740088C814 /* 面试总结 */ = {
			isa = PBXGroup;
			children = (
				8E5E58AC2686A0010088C814 /* iOS 2021 面试前的准备（总结各知识点方便面试前快速复习使用）（一）.md */,
				8E5E58B52686A0010088C814 /* iOS 2021 面试前的准备（总结各知识点方便面试前快速复习使用）（二）.md */,
				8E5E58902686A0010088C814 /* iOS 2021 面试前的准备（总结各知识点方便面试前快速复习使用）（三）.md */,
				8E5E58912686A0010088C814 /* iOS 2021 面试前的准备（总结各知识点方便面试前快速复习使用）（四）.md */,
				8E5E586A2686A0010088C814 /* iOS 2021 面试前的准备（总结各知识点方便面试前快速复习使用）（五）.md */,
				8E5E58AF2686A0010088C814 /* iOS 2021 面试前的准备（总结各知识点方便面试前快速复习使用）（六）.md */,
				8E5E58A62686A0010088C814 /* iOS 2021 面试前的准备（总结各知识点方便面试前快速复习使用）（七）.md */,
				8E5E58B92686A0010088C814 /* iOS 2021 面试前的准备（总结各知识点方便面试前快速复习使用）（八）.md */,
			);
			path = "面试总结";
			sourceTree = "<group>";
		};
		8E5E5E992686A8840088C814 /* 剑指Offer */ = {
			isa = PBXGroup;
			children = (
				8E5E58792686A0010088C814 /* 数据结构与算法-七大经典排序算法.md */,
				8E5E58892686A0010088C814 /* 《剑指 Offer》面试题一～面试题十的总结.md */,
				8E5E58742686A0010088C814 /* 《剑指 Offer》面试题十一～面试题二十的总结.md */,
				8E5E58972686A0010088C814 /* 《剑指 Offer》面试题二十一～面试题三十的总结.md */,
				8E5E58952686A0010088C814 /* 《剑指 Offer》面试题三十一～面试题四十的总结.md */,
				8E5E58852686A0010088C814 /* 《剑指 Offer》面试题四十一～面试题五十的总结.md */,
				8E5E586E2686A0010088C814 /* 《剑指 Offer》面试题五十一～面试题六十的总结.md */,
				8E5E587C2686A0010088C814 /* 《剑指 Offer》面试题六十一～面试题六十八的总结.md */,
			);
			path = "剑指Offer";
			sourceTree = "<group>";
		};
		8E5E5E9A2686A89E0088C814 /* runtime */ = {
			isa = PBXGroup;
			children = (
				8E5E586C2686A0010088C814 /* iOS 从源码解析Runtime (一)：Tagged Pointer知识点解读.md */,
				8E5E58962686A0010088C814 /* iOS 从源码解析Runtime (二)：聚焦 isa、objc_object(ISA_BITFIELD相关内容篇).md */,
				8E5E58BB2686A0010088C814 /* iOS 从源码解析Runtime (三)：引用计数表内部数据结构DenseMap.md */,
				8E5E586D2686A0010088C814 /* iOS 从源码解析Runtime (四)：引用计数表内部数据结构DenseMapBase.md */,
				8E5E58822686A0010088C814 /* iOS 从源码解析Runtime (五)：聚焦objc_object(retain、release、retaincount).md */,
				8E5E58B22686A0010088C814 /* iOS 从源码解析Runtime (六)：AutoreleasePool实现原理解读.md */,
				8E5E58A52686A0010088C814 /* iOS 从源码解析Runtime (七)：聚焦objc_object(dealloc、autorelease返回值优化篇).md */,
				8E5E58812686A0010088C814 /* iOS 从源码解析Runtime (八)：聚焦cache_t 相关数据结构及函数解析(1).md */,
				8E5E58C02686A0010088C814 /* iOS 从源码解析Runtime (九)：聚焦cache_t objc-msg-arm64.s解析(2).md */,
				8E5E58C32686A0010088C814 /* iOS 从源码解析Runtime (十)：聚焦cache_t objc-msg-arm64.s补充(3).md */,
				8E5E58A92686A0010088C814 /* iOS 从源码解析Runtime (十一)：聚焦objc_class(class_data_bits_t内容篇).md */,
				8E5E58B42686A0010088C814 /* iOS 从源码解析Runtime (十二)：聚焦objc_class(class_rw_t 内容篇).md */,
				8E5E58942686A0010088C814 /* iOS 从源码解析Runtime (十三)：聚焦 objc_class(objc_class函数内容篇).md */,
				8E5E589B2686A0010088C814 /* iOS 从源码解析Runtime (十四)：由源码解读属性&成员变量的修饰符.md */,
			);
			path = runtime;
			sourceTree = "<group>";
		};
		8E5E5E9B2686A8AB0088C814 /* dyld */ = {
			isa = PBXGroup;
			children = (
				8E7B22D9269E5F8C00ED3945 /* 待学清单.md */,
				8E5E58782686A0010088C814 /* iOS APP 启动优化(一)：ipa(iPhone Application) 包和 Mach-O(Mach Object file format) 概述.md */,
				8E5E586F2686A0010088C814 /* iOS APP 启动优化(二)：Code Size Performance Guidelines.md */,
				8E5E58AE2686A0010088C814 /* iOS APP 启动优化(三)：dyld（the dynamic link editor）动态链接器和 dyld 加载流程.md */,
				8E5E58B32686A0010088C814 /* iOS APP 启动优化(四)：_objc_init 过程解析.md */,
				8E5E58A12686A0010088C814 /* iOS APP 启动优化(五)：map_images、load_images、unmap_image 过程解析.md */,
				8E5E5EA22686AB280088C814 /* iOS APP 启动优化(六)：在指定的 segment 和 section 中存入数据.md */,
				8EB2848F2687EFD000CCD5FB /* iOS App 启动优化(七)：NSProcessInfo 解析.md */,
				8E12B93026A6552900BC72AC /* iOS App 启动优化(八)：Hook 总结之 fishhook 源码逐行分析.md */,
				8E72348126BCB01200E13B1B /* iOS App 启动优化(九)：fishhook 延展阅读.md */,
				8E35318926C210EF0067E763 /* iOS App 启动优化(十)：Hook 总结之 Method Swizzle 源码分析.md */,
				8E3327D926F0227600753049 /* iOS App 启动优化(十四)：clang.md */,
				8E53C9E926B2240F00FB0AD7 /* iOS App 启动优化(九)：AOP.md */,
				8E5AAF19268EA5BD00A845FB /* iOS App 启动优化(八)：符号化相关内容学习（feature）.md */,
				8E12B93126A65B1900BC72AC /* 埋点.md */,
			);
			path = dyld;
			sourceTree = "<group>";
		};
		8E5E5E9C2686A8B90088C814 /* category */ = {
			isa = PBXGroup;
			children = (
				8E5E58702686A0010088C814 /* iOS Category 底层实现原理(一)：概念与数据结构.md */,
				8E5E58992686A0010088C814 /* iOS Category 底层实现原理(二)：函数分析与加载流程.md */,
				8E5E58BE2686A0010088C814 /* iOS Category 底层实现原理(三)：附加+load函数超详细解析.md */,
			);
			path = category;
			sourceTree = "<group>";
		};
		8E5E5E9D2686A8C90088C814 /* runloop */ = {
			isa = PBXGroup;
			children = (
				8E5E587D2686A0010088C814 /* iOS 从源码解析Run Loop (一)：run loop 基本概念理解与 NSRunLoop.h 文档.md */,
				8E5E58B82686A0010088C814 /* iOS 从源码解析Run Loop (二)：Run Loops 官方文档翻译.md */,
				8E5E587E2686A0010088C814 /* iOS 从源码解析Run Loop (三)：CF创建实例以及获取RunLoop、RunLoopMode的完整过程.md */,
				8E5E589D2686A0010088C814 /* iOS 从源码解析Run Loop (四)：Source、Timer、Observer 创建以及添加到 mode 的过程.md */,
				8E5E588B2686A0010088C814 /* iOS 从源码解析Run Loop (五)：NSPort、TSD 相关内容解析.md */,
				8E5E58832686A0010088C814 /* iOS 从源码解析Run Loop (六)：run loop 运行全过程解析.md */,
				8E5E589F2686A0010088C814 /* iOS 从源码解析Run Loop (七)：mach msg 解析.md */,
				8E5E58722686A0010088C814 /* iOS 从源码解析Run Loop (八)：Run Loop 与 AutoreleasePool、NSTimer、PerformSelector 系列函数.md */,
				8E5E58802686A0010088C814 /* iOS 从源码解析Run Loop (九)：Run Loop 与事件响应、手势识别、屏幕刷新、卡顿监测.md */,
				8E5E58BC2686A0010088C814 /* iOS 从源码解析Run Loop (十)：Run Loop 与GCD、FPS、CADisplayLink.md */,
			);
			path = runloop;
			sourceTree = "<group>";
		};
		8E5E5E9E2686A8DA0088C814 /* GCD(thread) */ = {
			isa = PBXGroup;
			children = (
				8E5E588C2686A0010088C814 /* iOS NSOperation、NSBlockOperation、NSInvocationOperation、NSOperationQueue官方文档.md */,
				8E5E58C12686A0010088C814 /* iOS 多线程知识体系构建(一)：基本概念篇.md */,
				8E5E58A72686A0010088C814 /* iOS 多线程知识体系构建(二)：Pthreads、NSThread篇.md */,
				8E5E587B2686A0010088C814 /* iOS 多线程知识体系构建(三)：GCD API（queue.h）解析篇.md */,
				8E5E588E2686A0010088C814 /* iOS 多线程知识体系构建(四)：GCD API（object.h、group.h、semaphore.h）解析篇.md */,
				8E5E58B62686A0010088C814 /* iOS 多线程知识体系构建(五)：GCD API（source.h、workloop.h、data.h）解析篇.md */,
				8E5E587F2686A0010088C814 /* iOS 多线程知识体系构建(六)：GCD API（block.h）解析篇.md */,
				8E5E58B12686A0010088C814 /* iOS 多线程知识体系构建(七)：GCD 源码：基本数据结构篇.md */,
				8E5E58752686A0010088C814 /* iOS 多线程知识体系构建(八)：GCD 源码：队列创建（自定义、根队列、主队列）.md */,
				8E5E588D2686A0010088C814 /* iOS 多线程知识体系构建(九)：GCD 源码：dispatch_async、dispatch_sync 函数.md */,
				8E5E58A82686A0010088C814 /* iOS 多线程知识体系构建(十)：GCD 源码：dispatch_once、dispatch_semaphore函数.md */,
				8E5E58B02686A0010088C814 /* iOS 多线程知识体系构建(十一)：GCD 源码：dispatch_group函数（超详细）.md */,
				8E5E58862686A0010088C814 /* iOS 多线程知识体系构建(十二)：GCD 源码：dispatch_barrier_async、dispatch_barrier_sync 函数.md */,
			);
			path = "GCD(thread)";
			sourceTree = "<group>";
		};
		8E5E5E9F2686A9020088C814 /* weak */ = {
			isa = PBXGroup;
			children = (
				8E5E58772686A0010088C814 /* iOS weak 底层实现原理(一)：SideTable|s、weak_table_t、weak_entry_t 等数据结构.md */,
				8E5E58AA2686A0010088C814 /* iOS weak 底层实现原理(二)：objc-weak 函数列表全解析.md */,
				8E5E58872686A0010088C814 /* iOS weak 底层实现原理(三)：weak变量从初始化到被置为nil 都经历了什么.md */,
				8E5E58A22686A0010088C814 /* iOS weak 底层实现原理(四)：ARC 和 MRC 下 weak 变量的访问过程.md */,
			);
			path = weak;
			sourceTree = "<group>";
		};
		8E5E5EA02686AA110088C814 /* block */ = {
			isa = PBXGroup;
			children = (
				8E5E58C22686A0010088C814 /* iOS 从 libclosure-74 源码来研究 Block 实现原理(1).md */,
				8E5E58B72686A0010088C814 /* iOS 从 libclosure-74 源码来研究 Block 实现原理(2).md */,
			);
			path = block;
			sourceTree = "<group>";
		};
		8E5E5EA12686AAA50088C814 /* AssociatedObject */ = {
			isa = PBXGroup;
			children = (
				8E5E58BA2686A0010088C814 /* iOS AssociatedObject 底层实现原理.md */,
			);
			path = AssociatedObject;
			sourceTree = "<group>";
		};
		8E5E5EA32686AB5D0088C814 /* 零碎文件 */ = {
			isa = PBXGroup;
			children = (
				8E5E58D92686A0010088C814 /* memmove函数使用.md */,
				8E5E58522686A0010088C814 /* Objective-C类型编码.md */,
				8E5E58542686A0010088C814 /* iOS底层isa结构(isa_t).md */,
				8E5E58562686A0010088C814 /* iOS底层runtime应用之动态添加属性:成员变量.md */,
				8E5E58582686A0010088C814 /* noexcept关键字学习.md */,
				8E5E58592686A0010088C814 /* iOS底层懒加载类:非懒加载类.md */,
				8E5E585A2686A0010088C814 /* iOS底层isa指向探究.md */,
				8E5E585D2686A0010088C814 /* LP64等数据模型.md */,
				8E5E58602686A0010088C814 /* iOS Tagged Pointer.md */,
				8E5E58612686A0010088C814 /* constexpr关键字使用.md */,
				8E5E58622686A0010088C814 /* 深入理解Objective-C中的Class.md */,
				8E5E58642686A0010088C814 /* iOS底层Class结构之Cache_t.md */,
				8E5E58672686A0010088C814 /* Bugly问题列表.md */,
				8E5E58682686A0010088C814 /* using关键字使用.md */,
				8E5E58C42686A0010088C814 /* C++强制类型转换符reinterpret_cast.md */,
				8E5E58C72686A0010088C814 /* volatile关键字使用.md */,
				8E5E58C82686A0010088C814 /* iOS底层class_getInstanceSize和malloc_size.md */,
				8E5E58CA2686A0010088C814 /* bzero函数.md */,
				8E5E58CB2686A0010088C814 /* iOS底层self_super_superclass.md */,
				8E5E58CC2686A0010088C814 /* 内存对齐原则.md */,
				8E5E58CE2686A0010088C814 /* ReactNative_iOSNative.md */,
				8E5E58CF2686A0010088C814 /* 深入理解Objective-C中的alloc和init.md */,
				8E5E58D02686A0010088C814 /* iOS底层Class探索和方法执行过程.md */,
				8E5E58D12686A0010088C814 /* xcodesamplecode.plist */,
				8E5E58D22686A0010088C814 /* iOS消息转发机制.md */,
				8E5E58D32686A0010088C814 /* 野指针.md */,
				8E5E58D42686A0010088C814 /* 面试准备.md */,
				8E5E58D52686A0010088C814 /* =default 和 = delete使用.md */,
				8E73B44D27D5ACC4009254D9 /* associatedtype 学习笔记.md */,
				8E73B44E27D5D44A009254D9 /* Combine 学习笔记.md */,
				8EACBADE27DA44A8001AB602 /* Optional 学习笔记.md */,
			);
			path = "零碎文件";
			sourceTree = "<group>";
		};
		8E5E5EA42686AB7E0088C814 /* 官方文档 */ = {
			isa = PBXGroup;
			children = (
				8E5E58732686A0010088C814 /* iOS 渲染过程全解析.md */,
				8E5E588A2686A0010088C814 /* iOS CALayer 官方文档.md */,
				8E5E58A02686A0010088C814 /* iOS《Animation Types and Timing Programming Guide》官方文档.md */,
				8E5E587A2686A0010088C814 /* iOS《Color Management Overview》官方文档.md */,
				8E5E589E2686A0010088C814 /* iOS《Concurrency Programming Guide-Operation Queues》官方文档.md */,
				8E5E58BF2686A0010088C814 /* iOS《Core Animation Programming Guide》官方文档.md */,
				8E5E58AB2686A0010088C814 /* iOS《Core Image Programming Guide》官方文档.md */,
				8E5E58842686A0010088C814 /* iOS《Drawing and Printing Guide for iOS》官方文档.md */,
				8E5E58BD2686A0010088C814 /* iOS《OpenGL ES Programming Guide》官方文档.md */,
				8E5E58882686A0010088C814 /* iOS《Quartz 2D Programming Guide》官方文档-Graphics Contexts.md */,
				8E5E588F2686A0010088C814 /* iOS《Quartz 2D Programming Guide》官方文档-Paths.md */,
				8E5E58932686A0010088C814 /* iOS《View Controller Programming Guide for iOS》官方文档.md */,
				8E5E58AD2686A0010088C814 /* iOS《View Programming Guide for iOS》官方文档.md */,
				8E5E58A32686A0010088C814 /* iOS NSCoding.md */,
			);
			path = "官方文档";
			sourceTree = "<group>";
		};
		8E5E5EA52686ABA30088C814 /* lock */ = {
			isa = PBXGroup;
			children = (
				8E5E589C2686A0010088C814 /* iOS 开发中使用的各种锁的总结.md */,
			);
			path = lock;
			sourceTree = "<group>";
		};
		8E5E5EA62686ABB10088C814 /* ResponderChain */ = {
			isa = PBXGroup;
			children = (
				8E5E58762686A0010088C814 /* iOS 响应者链（Responder Chain）与触摸事件处理全过程分析.md */,
			);
			path = ResponderChain;
			sourceTree = "<group>";
		};
		8E5E5EA72686ABE60088C814 /* 消息转发 */ = {
			isa = PBXGroup;
			children = (
				8E5E589A2686A0010088C814 /* iOS Dynamic Method Resolution与Message Forwarding官方文档.md */,
			);
			path = "消息转发";
			sourceTree = "<group>";
		};
		8E5E5EA82686AC090088C814 /* KVCKVO */ = {
			isa = PBXGroup;
			children = (
				8E5E58A42686A0010088C814 /* iOS《Key-Value Coding Programming Guide》官方文档.md */,
				8E5E58922686A0010088C814 /* iOS《Key-Value Observing Programming Guide》官方文档.md */,
			);
			path = KVCKVO;
			sourceTree = "<group>";
		};
		8E64803627E852A5007ADB46 /* React */ = {
			isa = PBXGroup;
			children = (
				8E64803727E85310007ADB46 /* React 学习笔记.md */,
			);
			path = React;
			sourceTree = "<group>";
		};
		8E71016B2823F67200BEB9A3 /* xcodebuild */ = {
			isa = PBXGroup;
			children = (
				8E71016C2823F6A600BEB9A3 /* Xcode 相关的一些 Concepts.md */,
				8E51B8C52833201400B8D4C4 /* 浅学 Clang（一）：clang 指令介绍.md */,
				8E5E5B1F2842694C00E3E038 /* 浅学 Clang（二）：clang 源码.md */,
			);
			path = xcodebuild;
			sourceTree = "<group>";
		};
		8E7101D428294FC500BEB9A3 /* 2022学习计划 */ = {
			isa = PBXGroup;
			children = (
				8E7101D528294FF000BEB9A3 /* 2022 学习计划.md */,
				8EE69B2E2894B69300049601 /* 2022学习计划Two.md */,
			);
			path = "2022学习计划";
			sourceTree = "<group>";
		};
		8E73B42B27D58632009254D9 /* jQuery */ = {
			isa = PBXGroup;
			children = (
				8E73B42C27D58674009254D9 /* jQuery 学习笔记.md */,
			);
			path = jQuery;
			sourceTree = "<group>";
		};
		8E73B46A27D708AE009254D9 /* Dart */ = {
			isa = PBXGroup;
			children = (
				8E73B46B27D708C7009254D9 /* Dart 学习记录（一）：.md */,
			);
			path = Dart;
			sourceTree = "<group>";
		};
		8E73B4A627D9DB6B009254D9 /* To_be_read_list  */ = {
			isa = PBXGroup;
			children = (
				8E73B4A727D9DBEC009254D9 /* temp_document.md */,
			);
			path = "To_be_read_list ";
			sourceTree = "<group>";
		};
		8E79139627A0D0CC00900CDA /* Python */ = {
			isa = PBXGroup;
			children = (
				8E79139727A0D10600900CDA /* Python笔记.md */,
			);
			path = Python;
			sourceTree = "<group>";
		};
		8E80F65F27DC89A700942D35 /* Combine */ = {
			isa = PBXGroup;
			children = (
				8E73B46927D6E3E1009254D9 /* Combine 学习笔记.md */,
			);
			path = Combine;
			sourceTree = "<group>";
		};
		8E8ACB5227B5ED94006D82FA /* Xcode工程相关 */ = {
			isa = PBXGroup;
			children = (
				8E8ACB5327B5EDE5006D82FA /* cocoapods和Xcode工程.md */,
				8E8A66D02862A352003DB257 /* Xcode工程相关（一）：.xcodeproj 文件分析.md */,
				8E7BDC1628704BED0027A0CB /* Xcode 工程相关（二）：.xcodeproj 文件分析.md */,
			);
			path = "Xcode工程相关";
			sourceTree = "<group>";
		};
		8E8ACB5C27BC7A1B006D82FA /* JavaScript */ = {
			isa = PBXGroup;
			children = (
				8E509EAE2847C61500DBFC98 /* 杂记 */,
				8E509EAF2847C62700DBFC98 /* 已发布 */,
			);
			path = JavaScript;
			sourceTree = "<group>";
		};
		8EA477A62858CC5C00020467 /* HTML */ = {
			isa = PBXGroup;
			children = (
				8EA477A72858CC9200020467 /* HTML 学习记录（一）：HTML 基础预览.md */,
				8EA477A8285A0E9900020467 /* HTML 学习记录（二）：HTML 入门和 HTML 中的元数据.md */,
				8EA477AA285CAF6D00020467 /* HTML 学习记录（三）：HTML 文字处理基础和建立超链接.md */,
				8EA477AB285F5FB600020467 /* HTML 学习记录（四）：HTML 高级文本排版.md */,
				8E52DF2D2866DE8100AC7847 /* HTML 学习记录（五）：HTML 多媒体和嵌入.md */,
				8E52DF302875D58E00AC7847 /* HTML 学习记录（六）：HTML 表格.md */,
				8E52DF312875D7AB00AC7847 /* HTML 学习记录（七）：HTML 表单.md */,
				8E52DF2F2874854700AC7847 /* HTML 参考 */,
			);
			path = HTML;
			sourceTree = "<group>";
		};
		8EA4A4E62887017B009FE182 /* MDN_HTTP */ = {
			isa = PBXGroup;
			children = (
				8EA4A4E7288701CB009FE182 /* MDN 上的 HTTP 学习（一）：跨源资源共享（CORS）.md */,
			);
			path = MDN_HTTP;
			sourceTree = "<group>";
		};
		8EACBADC27D62C5F001AB602 /* TypeScript */ = {
			isa = PBXGroup;
			children = (
				8EACBADD27D63F95001AB602 /* TypeScript 学习笔记.md */,
			);
			path = TypeScript;
			sourceTree = "<group>";
		};
		8EB3AD7C27E8BF4F006336C1 /* MySQL */ = {
			isa = PBXGroup;
			children = (
				8EB3AD7D27E8BF76006336C1 /* MySQL 学习笔记.md */,
			);
			path = MySQL;
			sourceTree = "<group>";
		};
		8ECD26842974F0A8000BFD05 /* Optimized */ = {
			isa = PBXGroup;
			children = (
				8ECD26852974F0C6000BFD05 /* optimize.md */,
			);
			path = Optimized;
			sourceTree = "<group>";
		};
		8ECD64F127B2BC3D002E63A7 /* 汇编知识点 */ = {
			isa = PBXGroup;
			children = (
				8EAFFB4427946FDA00B70023 /* 汇编第二篇.md */,
				8EAFFB452795979800B70023 /* iOS App Crash 分析：(五)：汇编知识点学习-寄存器篇.md */,
				8ECD64EF27A18A2B002E63A7 /* iOS App Crash 分析：(六)：汇编知识点学习-指令集篇.md */,
				8ECD64F027B2BA85002E63A7 /* iOS App Crash 分析：(七)：汇编知识点学习-指令篇.md */,
			);
			path = "汇编知识点";
			sourceTree = "<group>";
		};
		8ECD64F227B2BC6A002E63A7 /* dsym */ = {
			isa = PBXGroup;
			children = (
				8E3327EF26F2C30C00753049 /* iOS App Crash 学习：(六)：dsym文件讲解.md */,
			);
			path = dsym;
			sourceTree = "<group>";
		};
		8ECD654D27CE4268002E63A7 /* AJAX */ = {
			isa = PBXGroup;
			children = (
				8ECD650027C8F6F5002E63A7 /* AJAX 学习笔记.md */,
			);
			path = AJAX;
			sourceTree = "<group>";
		};
		8EE822F92B051D7B00E1418C /* 2024_iOS实时题目 */ = {
			isa = PBXGroup;
			children = (
				8EE822FA2B053F2500E1418C /* 2023年末 - iOS 实时面试题：如何在 Category 中添加一个 Weak 属性？.md */,
				8EE823262B06DD9100E1418C /* 2023年末 - iOS 实时面试题：如何解决 NSTimer 引发的循环引用问题？.md */,
				8EE823302B07C8E200E1418C /* 2023年末 - iOS 实时面试题：如何在低版本 iOS 中使用仅高版本支持的 SwiftUI API？.md */,
				8EE90ABC2B088569006B7A02 /* 调整NSTimer的文章.md */,
				8EE90AD72B08A0B9006B7A02 /* SwiftUI.md */,
				8EE90AD82B08B888006B7A02 /* RN 优化.md */,
			);
			path = "2024_iOS实时题目";
			sourceTree = "<group>";
		};
/* End PBXGroup section */

/* Begin PBXNativeTarget section */
		8E5E58442685979D0088C814 /* StudyMarkdown */ = {
			isa = PBXNativeTarget;
			buildConfigurationList = 8E5E584C2685979D0088C814 /* Build configuration list for PBXNativeTarget "StudyMarkdown" */;
			buildPhases = (
				8E5E58412685979D0088C814 /* Sources */,
				8E5E58422685979D0088C814 /* Frameworks */,
				8E5E58432685979D0088C814 /* CopyFiles */,
			);
			buildRules = (
			);
			dependencies = (
			);
			name = StudyMarkdown;
			productName = StudyMarkdown;
			productReference = 8E5E58452685979D0088C814 /* StudyMarkdown */;
			productType = "com.apple.product-type.tool";
		};
/* End PBXNativeTarget section */

/* Begin PBXProject section */
		8E5E583D2685979D0088C814 /* Project object */ = {
			isa = PBXProject;
			attributes = {
				LastUpgradeCheck = 1240;
				TargetAttributes = {
					8E5E58442685979D0088C814 = {
						CreatedOnToolsVersion = 12.4;
					};
				};
			};
			buildConfigurationList = 8E5E58402685979D0088C814 /* Build configuration list for PBXProject "StudyMarkdown" */;
			compatibilityVersion = "Xcode 9.3";
			developmentRegion = en;
			hasScannedForEncodings = 0;
			knownRegions = (
				en,
				Base,
			);
			mainGroup = 8E5E583C2685979D0088C814;
			productRefGroup = 8E5E58462685979D0088C814 /* Products */;
			projectDirPath = "";
			projectRoot = "";
			targets = (
				8E5E58442685979D0088C814 /* StudyMarkdown */,
			);
		};
/* End PBXProject section */

/* Begin PBXSourcesBuildPhase section */
		8E5E58412685979D0088C814 /* Sources */ = {
			isa = PBXSourcesBuildPhase;
			buildActionMask = 2147483647;
			files = (
				8E5E58492685979D0088C814 /* main.cpp in Sources */,
			);
			runOnlyForDeploymentPostprocessing = 0;
		};
/* End PBXSourcesBuildPhase section */

/* Begin XCBuildConfiguration section */
		8E5E584A2685979D0088C814 /* Debug */ = {
			isa = XCBuildConfiguration;
			buildSettings = {
				ALWAYS_SEARCH_USER_PATHS = NO;
				CLANG_ANALYZER_NONNULL = YES;
				CLANG_ANALYZER_NUMBER_OBJECT_CONVERSION = YES_AGGRESSIVE;
				CLANG_CXX_LANGUAGE_STANDARD = "gnu++14";
				CLANG_CXX_LIBRARY = "libc++";
				CLANG_ENABLE_MODULES = YES;
				CLANG_ENABLE_OBJC_ARC = YES;
				CLANG_ENABLE_OBJC_WEAK = YES;
				CLANG_WARN_BLOCK_CAPTURE_AUTORELEASING = YES;
				CLANG_WARN_BOOL_CONVERSION = YES;
				CLANG_WARN_COMMA = YES;
				CLANG_WARN_CONSTANT_CONVERSION = YES;
				CLANG_WARN_DEPRECATED_OBJC_IMPLEMENTATIONS = YES;
				CLANG_WARN_DIRECT_OBJC_ISA_USAGE = YES_ERROR;
				CLANG_WARN_DOCUMENTATION_COMMENTS = YES;
				CLANG_WARN_EMPTY_BODY = YES;
				CLANG_WARN_ENUM_CONVERSION = YES;
				CLANG_WARN_INFINITE_RECURSION = YES;
				CLANG_WARN_INT_CONVERSION = YES;
				CLANG_WARN_NON_LITERAL_NULL_CONVERSION = YES;
				CLANG_WARN_OBJC_IMPLICIT_RETAIN_SELF = YES;
				CLANG_WARN_OBJC_LITERAL_CONVERSION = YES;
				CLANG_WARN_OBJC_ROOT_CLASS = YES_ERROR;
				CLANG_WARN_QUOTED_INCLUDE_IN_FRAMEWORK_HEADER = YES;
				CLANG_WARN_RANGE_LOOP_ANALYSIS = YES;
				CLANG_WARN_STRICT_PROTOTYPES = YES;
				CLANG_WARN_SUSPICIOUS_MOVE = YES;
				CLANG_WARN_UNGUARDED_AVAILABILITY = YES_AGGRESSIVE;
				CLANG_WARN_UNREACHABLE_CODE = YES;
				CLANG_WARN__DUPLICATE_METHOD_MATCH = YES;
				COPY_PHASE_STRIP = NO;
				DEBUG_INFORMATION_FORMAT = dwarf;
				ENABLE_STRICT_OBJC_MSGSEND = YES;
				ENABLE_TESTABILITY = YES;
				GCC_C_LANGUAGE_STANDARD = gnu11;
				GCC_DYNAMIC_NO_PIC = NO;
				GCC_NO_COMMON_BLOCKS = YES;
				GCC_OPTIMIZATION_LEVEL = 0;
				GCC_PREPROCESSOR_DEFINITIONS = (
					"DEBUG=1",
					"$(inherited)",
				);
				GCC_WARN_64_TO_32_BIT_CONVERSION = YES;
				GCC_WARN_ABOUT_RETURN_TYPE = YES_ERROR;
				GCC_WARN_UNDECLARED_SELECTOR = YES;
				GCC_WARN_UNINITIALIZED_AUTOS = YES_AGGRESSIVE;
				GCC_WARN_UNUSED_FUNCTION = YES;
				GCC_WARN_UNUSED_VARIABLE = YES;
				MACOSX_DEPLOYMENT_TARGET = 11.1;
				MTL_ENABLE_DEBUG_INFO = INCLUDE_SOURCE;
				MTL_FAST_MATH = YES;
				ONLY_ACTIVE_ARCH = YES;
				SDKROOT = macosx;
			};
			name = Debug;
		};
		8E5E584B2685979D0088C814 /* Release */ = {
			isa = XCBuildConfiguration;
			buildSettings = {
				ALWAYS_SEARCH_USER_PATHS = NO;
				CLANG_ANALYZER_NONNULL = YES;
				CLANG_ANALYZER_NUMBER_OBJECT_CONVERSION = YES_AGGRESSIVE;
				CLANG_CXX_LANGUAGE_STANDARD = "gnu++14";
				CLANG_CXX_LIBRARY = "libc++";
				CLANG_ENABLE_MODULES = YES;
				CLANG_ENABLE_OBJC_ARC = YES;
				CLANG_ENABLE_OBJC_WEAK = YES;
				CLANG_WARN_BLOCK_CAPTURE_AUTORELEASING = YES;
				CLANG_WARN_BOOL_CONVERSION = YES;
				CLANG_WARN_COMMA = YES;
				CLANG_WARN_CONSTANT_CONVERSION = YES;
				CLANG_WARN_DEPRECATED_OBJC_IMPLEMENTATIONS = YES;
				CLANG_WARN_DIRECT_OBJC_ISA_USAGE = YES_ERROR;
				CLANG_WARN_DOCUMENTATION_COMMENTS = YES;
				CLANG_WARN_EMPTY_BODY = YES;
				CLANG_WARN_ENUM_CONVERSION = YES;
				CLANG_WARN_INFINITE_RECURSION = YES;
				CLANG_WARN_INT_CONVERSION = YES;
				CLANG_WARN_NON_LITERAL_NULL_CONVERSION = YES;
				CLANG_WARN_OBJC_IMPLICIT_RETAIN_SELF = YES;
				CLANG_WARN_OBJC_LITERAL_CONVERSION = YES;
				CLANG_WARN_OBJC_ROOT_CLASS = YES_ERROR;
				CLANG_WARN_QUOTED_INCLUDE_IN_FRAMEWORK_HEADER = YES;
				CLANG_WARN_RANGE_LOOP_ANALYSIS = YES;
				CLANG_WARN_STRICT_PROTOTYPES = YES;
				CLANG_WARN_SUSPICIOUS_MOVE = YES;
				CLANG_WARN_UNGUARDED_AVAILABILITY = YES_AGGRESSIVE;
				CLANG_WARN_UNREACHABLE_CODE = YES;
				CLANG_WARN__DUPLICATE_METHOD_MATCH = YES;
				COPY_PHASE_STRIP = NO;
				DEBUG_INFORMATION_FORMAT = "dwarf-with-dsym";
				ENABLE_NS_ASSERTIONS = NO;
				ENABLE_STRICT_OBJC_MSGSEND = YES;
				GCC_C_LANGUAGE_STANDARD = gnu11;
				GCC_NO_COMMON_BLOCKS = YES;
				GCC_WARN_64_TO_32_BIT_CONVERSION = YES;
				GCC_WARN_ABOUT_RETURN_TYPE = YES_ERROR;
				GCC_WARN_UNDECLARED_SELECTOR = YES;
				GCC_WARN_UNINITIALIZED_AUTOS = YES_AGGRESSIVE;
				GCC_WARN_UNUSED_FUNCTION = YES;
				GCC_WARN_UNUSED_VARIABLE = YES;
				MACOSX_DEPLOYMENT_TARGET = 11.1;
				MTL_ENABLE_DEBUG_INFO = NO;
				MTL_FAST_MATH = YES;
				SDKROOT = macosx;
			};
			name = Release;
		};
		8E5E584D2685979D0088C814 /* Debug */ = {
			isa = XCBuildConfiguration;
			buildSettings = {
				CODE_SIGN_STYLE = Automatic;
				PRODUCT_NAME = "$(TARGET_NAME)";
			};
			name = Debug;
		};
		8E5E584E2685979D0088C814 /* Release */ = {
			isa = XCBuildConfiguration;
			buildSettings = {
				CODE_SIGN_STYLE = Automatic;
				PRODUCT_NAME = "$(TARGET_NAME)";
			};
			name = Release;
		};
/* End XCBuildConfiguration section */

/* Begin XCConfigurationList section */
		8E5E58402685979D0088C814 /* Build configuration list for PBXProject "StudyMarkdown" */ = {
			isa = XCConfigurationList;
			buildConfigurations = (
				8E5E584A2685979D0088C814 /* Debug */,
				8E5E584B2685979D0088C814 /* Release */,
			);
			defaultConfigurationIsVisible = 0;
			defaultConfigurationName = Release;
		};
		8E5E584C2685979D0088C814 /* Build configuration list for PBXNativeTarget "StudyMarkdown" */ = {
			isa = XCConfigurationList;
			buildConfigurations = (
				8E5E584D2685979D0088C814 /* Debug */,
				8E5E584E2685979D0088C814 /* Release */,
			);
			defaultConfigurationIsVisible = 0;
			defaultConfigurationName = Release;
		};
/* End XCConfigurationList section */
	};
	rootObject = 8E5E583D2685979D0088C814 /* Project object */;
}
