// !$*UTF8*$!
{
	archiveVersion = 1;
	classes = {
	};
	objectVersion = 50;
	objects = {

/* Begin PBXBuildFile section */
		8E5E5E8E2686A28F0088C814 /* QuickSort.swift in Sources */ = {isa = PBXBuildFile; fileRef = 8E5E5E802686A28F0088C814 /* QuickSort.swift */; };
		8E5E5E8F2686A28F0088C814 /* SelectSort.swift in Sources */ = {isa = PBXBuildFile; fileRef = 8E5E5E822686A28F0088C814 /* SelectSort.swift */; };
		8E5E5E902686A28F0088C814 /* InsertSort.swift in Sources */ = {isa = PBXBuildFile; fileRef = 8E5E5E842686A28F0088C814 /* InsertSort.swift */; };
		8E5E5E912686A28F0088C814 /* HeapSort.swift in Sources */ = {isa = PBXBuildFile; fileRef = 8E5E5E862686A28F0088C814 /* HeapSort.swift */; };
		8E5E5E922686A28F0088C814 /* ShellSort.swift in Sources */ = {isa = PBXBuildFile; fileRef = 8E5E5E882686A28F0088C814 /* ShellSort.swift */; };
		8E5E5E932686A28F0088C814 /* BubbleSort.swift in Sources */ = {isa = PBXBuildFile; fileRef = 8E5E5E8A2686A28F0088C814 /* BubbleSort.swift */; };
		8E5E5E942686A28F0088C814 /* MergeSort.swift in Sources */ = {isa = PBXBuildFile; fileRef = 8E5E5E8C2686A28F0088C814 /* MergeSort.swift */; };
/* End PBXBuildFile section */

/* Begin PBXCopyFilesBuildPhase section */
		8E5E5E702686A2770088C814 /* CopyFiles */ = {
			isa = PBXCopyFilesBuildPhase;
			buildActionMask = 2147483647;
			dstPath = /usr/share/man/man1/;
			dstSubfolderSpec = 0;
			files = (
			);
			runOnlyForDeploymentPostprocessing = 1;
		};
/* End PBXCopyFilesBuildPhase section */

/* Begin PBXFileReference section */
		8E5E5E722686A2770088C814 /* Algorithm_Swift */ = {isa = PBXFileReference; explicitFileType = "compiled.mach-o.executable"; includeInIndex = 0; path = Algorithm_Swift; sourceTree = BUILT_PRODUCTS_DIR; };
		8E5E5E802686A28F0088C814 /* QuickSort.swift */ = {isa = PBXFileReference; fileEncoding = 4; lastKnownFileType = sourcecode.swift; path = QuickSort.swift; sourceTree = "<group>"; };
		8E5E5E822686A28F0088C814 /* SelectSort.swift */ = {isa = PBXFileReference; fileEncoding = 4; lastKnownFileType = sourcecode.swift; path = SelectSort.swift; sourceTree = "<group>"; };
		8E5E5E842686A28F0088C814 /* InsertSort.swift */ = {isa = PBXFileReference; fileEncoding = 4; lastKnownFileType = sourcecode.swift; path = InsertSort.swift; sourceTree = "<group>"; };
		8E5E5E862686A28F0088C814 /* HeapSort.swift */ = {isa = PBXFileReference; fileEncoding = 4; lastKnownFileType = sourcecode.swift; path = HeapSort.swift; sourceTree = "<group>"; };
		8E5E5E882686A28F0088C814 /* ShellSort.swift */ = {isa = PBXFileReference; fileEncoding = 4; lastKnownFileType = sourcecode.swift; path = ShellSort.swift; sourceTree = "<group>"; };
		8E5E5E8A2686A28F0088C814 /* BubbleSort.swift */ = {isa = PBXFileReference; fileEncoding = 4; lastKnownFileType = sourcecode.swift; path = BubbleSort.swift; sourceTree = "<group>"; };
		8E5E5E8C2686A28F0088C814 /* MergeSort.swift */ = {isa = PBXFileReference; fileEncoding = 4; lastKnownFileType = sourcecode.swift; path = MergeSort.swift; sourceTree = "<group>"; };
/* End PBXFileReference section */

/* Begin PBXFrameworksBuildPhase section */
		8E5E5E6F2686A2770088C814 /* Frameworks */ = {
			isa = PBXFrameworksBuildPhase;
			buildActionMask = 2147483647;
			files = (
			);
			runOnlyForDeploymentPostprocessing = 0;
		};
/* End PBXFrameworksBuildPhase section */

/* Begin PBXGroup section */
		8E5E5E692686A2770088C814 = {
			isa = PBXGroup;
			children = (
				8E5E5E742686A2770088C814 /* Algorithm_Swift */,
				8E5E5E732686A2770088C814 /* Products */,
			);
			sourceTree = "<group>";
		};
		8E5E5E732686A2770088C814 /* Products */ = {
			isa = PBXGroup;
			children = (
				8E5E5E722686A2770088C814 /* Algorithm_Swift */,
			);
			name = Products;
			sourceTree = "<group>";
		};
		8E5E5E742686A2770088C814 /* Algorithm_Swift */ = {
			isa = PBXGroup;
			children = (
				8E5E5E7E2686A28F0088C814 /* Sort */,
			);
			path = Algorithm_Swift;
			sourceTree = "<group>";
		};
		8E5E5E7E2686A28F0088C814 /* Sort */ = {
			isa = PBXGroup;
			children = (
				8E5E5E7F2686A28F0088C814 /* 05_QuickSort */,
				8E5E5E812686A28F0088C814 /* 04_SelectSort */,
				8E5E5E832686A28F0088C814 /* 02_InsertSort */,
				8E5E5E852686A28F0088C814 /* 07_HeapSort */,
				8E5E5E872686A28F0088C814 /* 03_ShellSort */,
				8E5E5E892686A28F0088C814 /* 01_bubbleSort */,
				8E5E5E8B2686A28F0088C814 /* 06_MergeSort */,
			);
			path = Sort;
			sourceTree = "<group>";
		};
		8E5E5E7F2686A28F0088C814 /* 05_QuickSort */ = {
			isa = PBXGroup;
			children = (
				8E5E5E802686A28F0088C814 /* QuickSort.swift */,
			);
			path = 05_QuickSort;
			sourceTree = "<group>";
		};
		8E5E5E812686A28F0088C814 /* 04_SelectSort */ = {
			isa = PBXGroup;
			children = (
				8E5E5E822686A28F0088C814 /* SelectSort.swift */,
			);
			path = 04_SelectSort;
			sourceTree = "<group>";
		};
		8E5E5E832686A28F0088C814 /* 02_InsertSort */ = {
			isa = PBXGroup;
			children = (
				8E5E5E842686A28F0088C814 /* InsertSort.swift */,
			);
			path = 02_InsertSort;
			sourceTree = "<group>";
		};
		8E5E5E852686A28F0088C814 /* 07_HeapSort */ = {
			isa = PBXGroup;
			children = (
				8E5E5E862686A28F0088C814 /* HeapSort.swift */,
			);
			path = 07_HeapSort;
			sourceTree = "<group>";
		};
		8E5E5E872686A28F0088C814 /* 03_ShellSort */ = {
			isa = PBXGroup;
			children = (
				8E5E5E882686A28F0088C814 /* ShellSort.swift */,
			);
			path = 03_ShellSort;
			sourceTree = "<group>";
		};
		8E5E5E892686A28F0088C814 /* 01_bubbleSort */ = {
			isa = PBXGroup;
			children = (
				8E5E5E8A2686A28F0088C814 /* BubbleSort.swift */,
			);
			path = 01_bubbleSort;
			sourceTree = "<group>";
		};
		8E5E5E8B2686A28F0088C814 /* 06_MergeSort */ = {
			isa = PBXGroup;
			children = (
				8E5E5E8C2686A28F0088C814 /* MergeSort.swift */,
			);
			path = 06_MergeSort;
			sourceTree = "<group>";
		};
/* End PBXGroup section */

/* Begin PBXNativeTarget section */
		8E5E5E712686A2770088C814 /* Algorithm_Swift */ = {
			isa = PBXNativeTarget;
			buildConfigurationList = 8E5E5E792686A2770088C814 /* Build configuration list for PBXNativeTarget "Algorithm_Swift" */;
			buildPhases = (
				8E5E5E6E2686A2770088C814 /* Sources */,
				8E5E5E6F2686A2770088C814 /* Frameworks */,
				8E5E5E702686A2770088C814 /* CopyFiles */,
			);
			buildRules = (
			);
			dependencies = (
			);
			name = Algorithm_Swift;
			productName = Algorithm_Swift;
			productReference = 8E5E5E722686A2770088C814 /* Algorithm_Swift */;
			productType = "com.apple.product-type.tool";
		};
/* End PBXNativeTarget section */

/* Begin PBXProject section */
		8E5E5E6A2686A2770088C814 /* Project object */ = {
			isa = PBXProject;
			attributes = {
				LastSwiftUpdateCheck = 1240;
				LastUpgradeCheck = 1240;
				TargetAttributes = {
					8E5E5E712686A2770088C814 = {
						CreatedOnToolsVersion = 12.4;
					};
				};
			};
			buildConfigurationList = 8E5E5E6D2686A2770088C814 /* Build configuration list for PBXProject "Algorithm_Swift" */;
			compatibilityVersion = "Xcode 9.3";
			developmentRegion = en;
			hasScannedForEncodings = 0;
			knownRegions = (
				en,
				Base,
			);
			mainGroup = 8E5E5E692686A2770088C814;
			productRefGroup = 8E5E5E732686A2770088C814 /* Products */;
			projectDirPath = "";
			projectRoot = "";
			targets = (
				8E5E5E712686A2770088C814 /* Algorithm_Swift */,
			);
		};
/* End PBXProject section */

/* Begin PBXSourcesBuildPhase section */
		8E5E5E6E2686A2770088C814 /* Sources */ = {
			isa = PBXSourcesBuildPhase;
			buildActionMask = 2147483647;
			files = (
				8E5E5E902686A28F0088C814 /* InsertSort.swift in Sources */,
				8E5E5E912686A28F0088C814 /* HeapSort.swift in Sources */,
				8E5E5E8E2686A28F0088C814 /* QuickSort.swift in Sources */,
				8E5E5E922686A28F0088C814 /* ShellSort.swift in Sources */,
				8E5E5E942686A28F0088C814 /* MergeSort.swift in Sources */,
				8E5E5E8F2686A28F0088C814 /* SelectSort.swift in Sources */,
				8E5E5E932686A28F0088C814 /* BubbleSort.swift in Sources */,
			);
			runOnlyForDeploymentPostprocessing = 0;
		};
/* End PBXSourcesBuildPhase section */

/* Begin XCBuildConfiguration section */
		8E5E5E772686A2770088C814 /* Debug */ = {
			isa = XCBuildConfiguration;
			buildSettings = {
				ALWAYS_SEARCH_USER_PATHS = NO;
				CLANG_ANALYZER_NONNULL = YES;
				CLANG_ANALYZER_NUMBER_OBJECT_CONVERSION = YES_AGGRESSIVE;
				CLANG_CXX_LANGUAGE_STANDARD = "gnu++14";
				CLANG_CXX_LIBRARY = "libc++";
				CLANG_ENABLE_MODULES = YES;
				CLANG_ENABLE_OBJC_ARC = YES;
				CLANG_ENABLE_OBJC_WEAK = YES;
				CLANG_WARN_BLOCK_CAPTURE_AUTORELEASING = YES;
				CLANG_WARN_BOOL_CONVERSION = YES;
				CLANG_WARN_COMMA = YES;
				CLANG_WARN_CONSTANT_CONVERSION = YES;
				CLANG_WARN_DEPRECATED_OBJC_IMPLEMENTATIONS = YES;
				CLANG_WARN_DIRECT_OBJC_ISA_USAGE = YES_ERROR;
				CLANG_WARN_DOCUMENTATION_COMMENTS = YES;
				CLANG_WARN_EMPTY_BODY = YES;
				CLANG_WARN_ENUM_CONVERSION = YES;
				CLANG_WARN_INFINITE_RECURSION = YES;
				CLANG_WARN_INT_CONVERSION = YES;
				CLANG_WARN_NON_LITERAL_NULL_CONVERSION = YES;
				CLANG_WARN_OBJC_IMPLICIT_RETAIN_SELF = YES;
				CLANG_WARN_OBJC_LITERAL_CONVERSION = YES;
				CLANG_WARN_OBJC_ROOT_CLASS = YES_ERROR;
				CLANG_WARN_QUOTED_INCLUDE_IN_FRAMEWORK_HEADER = YES;
				CLANG_WARN_RANGE_LOOP_ANALYSIS = YES;
				CLANG_WARN_STRICT_PROTOTYPES = YES;
				CLANG_WARN_SUSPICIOUS_MOVE = YES;
				CLANG_WARN_UNGUARDED_AVAILABILITY = YES_AGGRESSIVE;
				CLANG_WARN_UNREACHABLE_CODE = YES;
				CLANG_WARN__DUPLICATE_METHOD_MATCH = YES;
				COPY_PHASE_STRIP = NO;
				DEBUG_INFORMATION_FORMAT = dwarf;
				ENABLE_STRICT_OBJC_MSGSEND = YES;
				ENABLE_TESTABILITY = YES;
				GCC_C_LANGUAGE_STANDARD = gnu11;
				GCC_DYNAMIC_NO_PIC = NO;
				GCC_NO_COMMON_BLOCKS = YES;
				GCC_OPTIMIZATION_LEVEL = 0;
				GCC_PREPROCESSOR_DEFINITIONS = (
					"DEBUG=1",
					"$(inherited)",
				);
				GCC_WARN_64_TO_32_BIT_CONVERSION = YES;
				GCC_WARN_ABOUT_RETURN_TYPE = YES_ERROR;
				GCC_WARN_UNDECLARED_SELECTOR = YES;
				GCC_WARN_UNINITIALIZED_AUTOS = YES_AGGRESSIVE;
				GCC_WARN_UNUSED_FUNCTION = YES;
				GCC_WARN_UNUSED_VARIABLE = YES;
				MACOSX_DEPLOYMENT_TARGET = 11.1;
				MTL_ENABLE_DEBUG_INFO = INCLUDE_SOURCE;
				MTL_FAST_MATH = YES;
				ONLY_ACTIVE_ARCH = YES;
				SDKROOT = macosx;
				SWIFT_ACTIVE_COMPILATION_CONDITIONS = DEBUG;
				SWIFT_OPTIMIZATION_LEVEL = "-Onone";
			};
			name = Debug;
		};
		8E5E5E782686A2770088C814 /* Release */ = {
			isa = XCBuildConfiguration;
			buildSettings = {
				ALWAYS_SEARCH_USER_PATHS = NO;
				CLANG_ANALYZER_NONNULL = YES;
				CLANG_ANALYZER_NUMBER_OBJECT_CONVERSION = YES_AGGRESSIVE;
				CLANG_CXX_LANGUAGE_STANDARD = "gnu++14";
				CLANG_CXX_LIBRARY = "libc++";
				CLANG_ENABLE_MODULES = YES;
				CLANG_ENABLE_OBJC_ARC = YES;
				CLANG_ENABLE_OBJC_WEAK = YES;
				CLANG_WARN_BLOCK_CAPTURE_AUTORELEASING = YES;
				CLANG_WARN_BOOL_CONVERSION = YES;
				CLANG_WARN_COMMA = YES;
				CLANG_WARN_CONSTANT_CONVERSION = YES;
				CLANG_WARN_DEPRECATED_OBJC_IMPLEMENTATIONS = YES;
				CLANG_WARN_DIRECT_OBJC_ISA_USAGE = YES_ERROR;
				CLANG_WARN_DOCUMENTATION_COMMENTS = YES;
				CLANG_WARN_EMPTY_BODY = YES;
				CLANG_WARN_ENUM_CONVERSION = YES;
				CLANG_WARN_INFINITE_RECURSION = YES;
				CLANG_WARN_INT_CONVERSION = YES;
				CLANG_WARN_NON_LITERAL_NULL_CONVERSION = YES;
				CLANG_WARN_OBJC_IMPLICIT_RETAIN_SELF = YES;
				CLANG_WARN_OBJC_LITERAL_CONVERSION = YES;
				CLANG_WARN_OBJC_ROOT_CLASS = YES_ERROR;
				CLANG_WARN_QUOTED_INCLUDE_IN_FRAMEWORK_HEADER = YES;
				CLANG_WARN_RANGE_LOOP_ANALYSIS = YES;
				CLANG_WARN_STRICT_PROTOTYPES = YES;
				CLANG_WARN_SUSPICIOUS_MOVE = YES;
				CLANG_WARN_UNGUARDED_AVAILABILITY = YES_AGGRESSIVE;
				CLANG_WARN_UNREACHABLE_CODE = YES;
				CLANG_WARN__DUPLICATE_METHOD_MATCH = YES;
				COPY_PHASE_STRIP = NO;
				DEBUG_INFORMATION_FORMAT = "dwarf-with-dsym";
				ENABLE_NS_ASSERTIONS = NO;
				ENABLE_STRICT_OBJC_MSGSEND = YES;
				GCC_C_LANGUAGE_STANDARD = gnu11;
				GCC_NO_COMMON_BLOCKS = YES;
				GCC_WARN_64_TO_32_BIT_CONVERSION = YES;
				GCC_WARN_ABOUT_RETURN_TYPE = YES_ERROR;
				GCC_WARN_UNDECLARED_SELECTOR = YES;
				GCC_WARN_UNINITIALIZED_AUTOS = YES_AGGRESSIVE;
				GCC_WARN_UNUSED_FUNCTION = YES;
				GCC_WARN_UNUSED_VARIABLE = YES;
				MACOSX_DEPLOYMENT_TARGET = 11.1;
				MTL_ENABLE_DEBUG_INFO = NO;
				MTL_FAST_MATH = YES;
				SDKROOT = macosx;
				SWIFT_COMPILATION_MODE = wholemodule;
				SWIFT_OPTIMIZATION_LEVEL = "-O";
			};
			name = Release;
		};
		8E5E5E7A2686A2770088C814 /* Debug */ = {
			isa = XCBuildConfiguration;
			buildSettings = {
				CODE_SIGN_STYLE = Automatic;
				PRODUCT_NAME = "$(TARGET_NAME)";
				SWIFT_VERSION = 5.0;
			};
			name = Debug;
		};
		8E5E5E7B2686A2770088C814 /* Release */ = {
			isa = XCBuildConfiguration;
			buildSettings = {
				CODE_SIGN_STYLE = Automatic;
				PRODUCT_NAME = "$(TARGET_NAME)";
				SWIFT_VERSION = 5.0;
			};
			name = Release;
		};
/* End XCBuildConfiguration section */

/* Begin XCConfigurationList section */
		8E5E5E6D2686A2770088C814 /* Build configuration list for PBXProject "Algorithm_Swift" */ = {
			isa = XCConfigurationList;
			buildConfigurations = (
				8E5E5E772686A2770088C814 /* Debug */,
				8E5E5E782686A2770088C814 /* Release */,
			);
			defaultConfigurationIsVisible = 0;
			defaultConfigurationName = Release;
		};
		8E5E5E792686A2770088C814 /* Build configuration list for PBXNativeTarget "Algorithm_Swift" */ = {
			isa = XCConfigurationList;
			buildConfigurations = (
				8E5E5E7A2686A2770088C814 /* Debug */,
				8E5E5E7B2686A2770088C814 /* Release */,
			);
			defaultConfigurationIsVisible = 0;
			defaultConfigurationName = Release;
		};
/* End XCConfigurationList section */
	};
	rootObject = 8E5E5E6A2686A2770088C814 /* Project object */;
}
